// !$*UTF8*$!
{
	archiveVersion = 1;
	classes = {
	};
	objectVersion = 56;
	objects = {

/* Begin PBXBuildFile section */
		0B4E2BC12A6EC3FE00014F85 /* Camera.swift in Sources */ = {isa = PBXBuildFile; fileRef = 0B4E2BBF2A6EC3FE00014F85 /* Camera.swift */; };
		0B4E2BC22A6EC3FE00014F85 /* CameraViewModel.swift in Sources */ = {isa = PBXBuildFile; fileRef = 0B4E2BC02A6EC3FE00014F85 /* CameraViewModel.swift */; };
		0B4E2BC42A6EC40400014F85 /* CameraView.swift in Sources */ = {isa = PBXBuildFile; fileRef = 0B4E2BC32A6EC40400014F85 /* CameraView.swift */; };
		0B4E2BC92A6FB5AB00014F85 /* ImageURLExtension.swift in Sources */ = {isa = PBXBuildFile; fileRef = 0B4E2BC82A6FB5AB00014F85 /* ImageURLExtension.swift */; };
		0B5B27072A70AD5E00703D56 /* ImagePickView.swift in Sources */ = {isa = PBXBuildFile; fileRef = 0B5B27062A70AD5E00703D56 /* ImagePickView.swift */; };
		0B5B270A2A70CA1400703D56 /* ImagePicker.swift in Sources */ = {isa = PBXBuildFile; fileRef = 0B5B27092A70CA1400703D56 /* ImagePicker.swift */; };
		0B5B27112A70E9EE00703D56 /* ImageTabView.swift in Sources */ = {isa = PBXBuildFile; fileRef = 0B5B27102A70E9EE00703D56 /* ImageTabView.swift */; };
		0B5B27132A70FFCC00703D56 /* PolaroidView.swift in Sources */ = {isa = PBXBuildFile; fileRef = 0B5B27122A70FFCC00703D56 /* PolaroidView.swift */; };
		0B5B27152A713C4E00703D56 /* CharacterCreateViewModel.swift in Sources */ = {isa = PBXBuildFile; fileRef = 0B5B27142A713C4E00703D56 /* CharacterCreateViewModel.swift */; };
		0B5B271F2A7166B200703D56 /* History.xcdatamodeld in Sources */ = {isa = PBXBuildFile; fileRef = 0B5B271D2A7166B200703D56 /* History.xcdatamodeld */; };
		0B5B27212A71784D00703D56 /* HistoryModel.swift in Sources */ = {isa = PBXBuildFile; fileRef = 0B5B27202A71784D00703D56 /* HistoryModel.swift */; };
		0B5B272B2A717F2000703D56 /* CoredataTest.swift in Sources */ = {isa = PBXBuildFile; fileRef = 0B5B272A2A717F2000703D56 /* CoredataTest.swift */; };
		0B5B272D2A72202A00703D56 /* ShareResultView.swift in Sources */ = {isa = PBXBuildFile; fileRef = 0B5B272C2A72202A00703D56 /* ShareResultView.swift */; };
		0B94E32F2A6814B9008F6D39 /* onboardingGIF.gif in Resources */ = {isa = PBXBuildFile; fileRef = 0B94E32E2A6814B9008F6D39 /* onboardingGIF.gif */; };
		0B94E3312A681552008F6D39 /* ImageButton.swift in Sources */ = {isa = PBXBuildFile; fileRef = 0B94E3302A681552008F6D39 /* ImageButton.swift */; };
		0B94E3332A681560008F6D39 /* CharacterCreateView.swift in Sources */ = {isa = PBXBuildFile; fileRef = 0B94E3322A681560008F6D39 /* CharacterCreateView.swift */; };
		0B94E3362A690570008F6D39 /* ImageMerger.swift in Sources */ = {isa = PBXBuildFile; fileRef = 0B94E3352A690570008F6D39 /* ImageMerger.swift */; };
		0B94E3382A6914B4008F6D39 /* Onboarding1View.swift in Sources */ = {isa = PBXBuildFile; fileRef = 0B94E3372A6914B4008F6D39 /* Onboarding1View.swift */; };
		0BE598072A5FD31400D019EA /* ColorExtension.swift in Sources */ = {isa = PBXBuildFile; fileRef = 0BE598062A5FD31400D019EA /* ColorExtension.swift */; };
		0BE5980A2A5FD48F00D019EA /* ButtonStyle.swift in Sources */ = {isa = PBXBuildFile; fileRef = 0BE598092A5FD48F00D019EA /* ButtonStyle.swift */; };
		0BE5980F2A5FDE2E00D019EA /* OnBoardingView.swift in Sources */ = {isa = PBXBuildFile; fileRef = 0BE5980E2A5FDE2E00D019EA /* OnBoardingView.swift */; };
		0BE598112A5FE3D700D019EA /* OnBoarding2View.swift in Sources */ = {isa = PBXBuildFile; fileRef = 0BE598102A5FE3D700D019EA /* OnBoarding2View.swift */; };
		0BE598132A5FE3E400D019EA /* OnBoarding3View.swift in Sources */ = {isa = PBXBuildFile; fileRef = 0BE598122A5FE3E400D019EA /* OnBoarding3View.swift */; };
		0BE598152A5FE6FE00D019EA /* PageTabViewStyle.swift in Sources */ = {isa = PBXBuildFile; fileRef = 0BE598142A5FE6FE00D019EA /* PageTabViewStyle.swift */; };
		0BE598182A5FF23B00D019EA /* SwiftUIGIF in Frameworks */ = {isa = PBXBuildFile; productRef = 0BE598172A5FF23B00D019EA /* SwiftUIGIF */; };
		0BE598322A60F3E600D019EA /* TheJamsilOTF6ExtraBold.otf in Resources */ = {isa = PBXBuildFile; fileRef = 0BE5982C2A60F3E600D019EA /* TheJamsilOTF6ExtraBold.otf */; };
		0BE598332A60F3E600D019EA /* TheJamsilOTF2Light.otf in Resources */ = {isa = PBXBuildFile; fileRef = 0BE5982D2A60F3E600D019EA /* TheJamsilOTF2Light.otf */; };
		0BE598342A60F3E600D019EA /* TheJamsilOTF3Regular.otf in Resources */ = {isa = PBXBuildFile; fileRef = 0BE5982E2A60F3E600D019EA /* TheJamsilOTF3Regular.otf */; };
		0BE598352A60F3E600D019EA /* TheJamsilOTF1Thin.otf in Resources */ = {isa = PBXBuildFile; fileRef = 0BE5982F2A60F3E600D019EA /* TheJamsilOTF1Thin.otf */; };
		0BE598362A60F3E600D019EA /* TheJamsilOTF4Medium.otf in Resources */ = {isa = PBXBuildFile; fileRef = 0BE598302A60F3E600D019EA /* TheJamsilOTF4Medium.otf */; };
		0BE598372A60F3E600D019EA /* TheJamsilOTF5Bold.otf in Resources */ = {isa = PBXBuildFile; fileRef = 0BE598312A60F3E600D019EA /* TheJamsilOTF5Bold.otf */; };
		0BE5983D2A62629600D019EA /* FontExtension.swift in Sources */ = {isa = PBXBuildFile; fileRef = 0BE5983C2A62629600D019EA /* FontExtension.swift */; };
		0E94FAC02A5A83AF002A39FB /* SixTechApp.swift in Sources */ = {isa = PBXBuildFile; fileRef = 0E94FABF2A5A83AF002A39FB /* SixTechApp.swift */; };
		0E94FAC42A5A83B0002A39FB /* Assets.xcassets in Resources */ = {isa = PBXBuildFile; fileRef = 0E94FAC32A5A83B0002A39FB /* Assets.xcassets */; };
		0E94FAC72A5A83B0002A39FB /* Preview Assets.xcassets in Resources */ = {isa = PBXBuildFile; fileRef = 0E94FAC62A5A83B0002A39FB /* Preview Assets.xcassets */; };
		0EAD30212A5C6FE700E8A548 /* .swiftlint.yml in Resources */ = {isa = PBXBuildFile; fileRef = 0EAD30202A5C6FE700E8A548 /* .swiftlint.yml */; };
		0EAD30232A5C711500E8A548 /* .pre-commit-config.yaml in Resources */ = {isa = PBXBuildFile; fileRef = 0EAD30222A5C711500E8A548 /* .pre-commit-config.yaml */; };
		86E0143A2A690AB1007F3195 /* WaitingRoomView.swift in Sources */ = {isa = PBXBuildFile; fileRef = 86E014392A690AB1007F3195 /* WaitingRoomView.swift */; };
		86E0143E2A691097007F3195 /* DismissButton.swift in Sources */ = {isa = PBXBuildFile; fileRef = 86E0143D2A691097007F3195 /* DismissButton.swift */; };
		86E014402A6D50BC007F3195 /* MainView.swift in Sources */ = {isa = PBXBuildFile; fileRef = 86E0143F2A6D50BC007F3195 /* MainView.swift */; };
		86E058742A67F3DB00F86049 /* UIViewExtension.swift in Sources */ = {isa = PBXBuildFile; fileRef = 86E0586F2A67F3DB00F86049 /* UIViewExtension.swift */; };
		86E058752A67F3DB00F86049 /* MatchManager.swift in Sources */ = {isa = PBXBuildFile; fileRef = 86E058702A67F3DB00F86049 /* MatchManager.swift */; };
		86E058762A67F3DB00F86049 /* EngagementView.swift in Sources */ = {isa = PBXBuildFile; fileRef = 86E058712A67F3DB00F86049 /* EngagementView.swift */; };
		86E058782A67F3DB00F86049 /* CreateRoomView.swift in Sources */ = {isa = PBXBuildFile; fileRef = 86E058732A67F3DB00F86049 /* CreateRoomView.swift */; };
		86E0587A2A67FDFC00F86049 /* CustomMatchingViewController.swift in Sources */ = {isa = PBXBuildFile; fileRef = 86E058792A67FDFC00F86049 /* CustomMatchingViewController.swift */; };
		86E0587D2A6901D800F86049 /* PlayView.swift in Sources */ = {isa = PBXBuildFile; fileRef = 86E0587C2A6901D800F86049 /* PlayView.swift */; };
		86F4A36D2A6FFD4C00F780AB /* CustomAlert.swift in Sources */ = {isa = PBXBuildFile; fileRef = 86F4A36C2A6FFD4C00F780AB /* CustomAlert.swift */; };
		86F4A36F2A71461F00F780AB /* MyprofileView.swift in Sources */ = {isa = PBXBuildFile; fileRef = 86F4A36E2A71461E00F780AB /* MyprofileView.swift */; };
		86F62EE32A7158C000A15076 /* MyHistoryView.swift in Sources */ = {isa = PBXBuildFile; fileRef = 86F62EE22A7158C000A15076 /* MyHistoryView.swift */; };
		86F62EE52A715C5800A15076 /* 캘린더.swift in Sources */ = {isa = PBXBuildFile; fileRef = 86F62EE42A715C5800A15076 /* 캘린더.swift */; };
		86F62EE72A72362200A15076 /* ViewExtension.swift in Sources */ = {isa = PBXBuildFile; fileRef = 86F62EE62A72362200A15076 /* ViewExtension.swift */; };
		705495852A6E520400EE0040 /* InfoView.swift in Sources */ = {isa = PBXBuildFile; fileRef = 705495842A6E520400EE0040 /* InfoView.swift */; };
		707316032A6707EE00FCFE13 /* MapUI.swift in Sources */ = {isa = PBXBuildFile; fileRef = 707316022A6707EE00FCFE13 /* MapUI.swift */; };
		709C75DF2A7170FF00C16313 /* SnapshotManager.swift in Sources */ = {isa = PBXBuildFile; fileRef = 709C75DE2A7170FF00C16313 /* SnapshotManager.swift */; };
		709C75E12A71715A00C16313 /* MKPolyline+Coordinates.swift in Sources */ = {isa = PBXBuildFile; fileRef = 709C75E02A71715A00C16313 /* MKPolyline+Coordinates.swift */; };
		709C75E52A71752900C16313 /* RectangleView.swift in Sources */ = {isa = PBXBuildFile; fileRef = 709C75E42A71752900C16313 /* RectangleView.swift */; };
		70A843D42A5FD3C300228842 /* MapView.swift in Sources */ = {isa = PBXBuildFile; fileRef = 70A843D32A5FD3C300228842 /* MapView.swift */; };
		70A843D62A5FD75100228842 /* LocationManager.swift in Sources */ = {isa = PBXBuildFile; fileRef = 70A843D52A5FD75100228842 /* LocationManager.swift */; };
		70AE2AB82A71011900C121BB /* TestPhotoView.swift in Sources */ = {isa = PBXBuildFile; fileRef = 70AE2AB72A71011900C121BB /* TestPhotoView.swift */; };
		70D93FD52A67EFB5003C027A /* ImageAnnotationView.swift in Sources */ = {isa = PBXBuildFile; fileRef = 70D93FD42A67EFB5003C027A /* ImageAnnotationView.swift */; };
		0EB41DFA2A70593F002929D9 /* LetPlogWatchApp.swift in Sources */ = {isa = PBXBuildFile; fileRef = 0EB41DF92A70593F002929D9 /* LetPlogWatchApp.swift */; };
		0EB41DFC2A70593F002929D9 /* ContentView.swift in Sources */ = {isa = PBXBuildFile; fileRef = 0EB41DFB2A70593F002929D9 /* ContentView.swift */; };
		0EB41DFE2A705940002929D9 /* Assets.xcassets in Resources */ = {isa = PBXBuildFile; fileRef = 0EB41DFD2A705940002929D9 /* Assets.xcassets */; };
		0EB41E012A705940002929D9 /* Preview Assets.xcassets in Resources */ = {isa = PBXBuildFile; fileRef = 0EB41E002A705940002929D9 /* Preview Assets.xcassets */; };
		0EB41E052A705940002929D9 /* LetPlogWatch Watch App.app in Embed Watch Content */ = {isa = PBXBuildFile; fileRef = 0EB41DF72A70593F002929D9 /* LetPlogWatch Watch App.app */; settings = {ATTRIBUTES = (RemoveHeadersOnCopy, ); }; };
/* End PBXBuildFile section */

/* Begin PBXContainerItemProxy section */
		0EB41E022A705940002929D9 /* PBXContainerItemProxy */ = {
			isa = PBXContainerItemProxy;
			containerPortal = 0E94FAB42A5A83AE002A39FB /* Project object */;
			proxyType = 1;
			remoteGlobalIDString = 0EB41DF62A70593F002929D9;
			remoteInfo = "LetPlogWatch Watch App";
		};
/* End PBXContainerItemProxy section */

/* Begin PBXCopyFilesBuildPhase section */
		0EB41E042A705940002929D9 /* Embed Watch Content */ = {
			isa = PBXCopyFilesBuildPhase;
			buildActionMask = 2147483647;
			dstPath = "$(CONTENTS_FOLDER_PATH)/Watch";
			dstSubfolderSpec = 16;
			files = (
				0EB41E052A705940002929D9 /* LetPlogWatch Watch App.app in Embed Watch Content */,
			);
			name = "Embed Watch Content";
			runOnlyForDeploymentPostprocessing = 0;
		};
/* End PBXCopyFilesBuildPhase section */

/* Begin PBXFileReference section */
		0B4E2BBF2A6EC3FE00014F85 /* Camera.swift */ = {isa = PBXFileReference; fileEncoding = 4; lastKnownFileType = sourcecode.swift; path = Camera.swift; sourceTree = "<group>"; };
		0B4E2BC02A6EC3FE00014F85 /* CameraViewModel.swift */ = {isa = PBXFileReference; fileEncoding = 4; lastKnownFileType = sourcecode.swift; path = CameraViewModel.swift; sourceTree = "<group>"; };
		0B4E2BC32A6EC40400014F85 /* CameraView.swift */ = {isa = PBXFileReference; fileEncoding = 4; lastKnownFileType = sourcecode.swift; path = CameraView.swift; sourceTree = "<group>"; };
		0B4E2BC82A6FB5AB00014F85 /* ImageURLExtension.swift */ = {isa = PBXFileReference; lastKnownFileType = sourcecode.swift; path = ImageURLExtension.swift; sourceTree = "<group>"; };
		0B5B27062A70AD5E00703D56 /* ImagePickView.swift */ = {isa = PBXFileReference; lastKnownFileType = sourcecode.swift; path = ImagePickView.swift; sourceTree = "<group>"; };
		0B5B27092A70CA1400703D56 /* ImagePicker.swift */ = {isa = PBXFileReference; lastKnownFileType = sourcecode.swift; path = ImagePicker.swift; sourceTree = "<group>"; };
		0B5B27102A70E9EE00703D56 /* ImageTabView.swift */ = {isa = PBXFileReference; lastKnownFileType = sourcecode.swift; path = ImageTabView.swift; sourceTree = "<group>"; };
		0B5B27122A70FFCC00703D56 /* PolaroidView.swift */ = {isa = PBXFileReference; lastKnownFileType = sourcecode.swift; path = PolaroidView.swift; sourceTree = "<group>"; };
		0B5B27142A713C4E00703D56 /* CharacterCreateViewModel.swift */ = {isa = PBXFileReference; lastKnownFileType = sourcecode.swift; path = CharacterCreateViewModel.swift; sourceTree = "<group>"; };
		0B5B271E2A7166B200703D56 /* History.xcdatamodel */ = {isa = PBXFileReference; lastKnownFileType = wrapper.xcdatamodel; path = History.xcdatamodel; sourceTree = "<group>"; };
		0B5B27202A71784D00703D56 /* HistoryModel.swift */ = {isa = PBXFileReference; lastKnownFileType = sourcecode.swift; path = HistoryModel.swift; sourceTree = "<group>"; };
		0B5B272A2A717F2000703D56 /* CoredataTest.swift */ = {isa = PBXFileReference; lastKnownFileType = sourcecode.swift; path = CoredataTest.swift; sourceTree = "<group>"; };
		0B5B272C2A72202A00703D56 /* ShareResultView.swift */ = {isa = PBXFileReference; lastKnownFileType = sourcecode.swift; path = ShareResultView.swift; sourceTree = "<group>"; };
		0B94E32E2A6814B9008F6D39 /* onboardingGIF.gif */ = {isa = PBXFileReference; lastKnownFileType = image.gif; path = onboardingGIF.gif; sourceTree = "<group>"; };
		0B94E3302A681552008F6D39 /* ImageButton.swift */ = {isa = PBXFileReference; fileEncoding = 4; lastKnownFileType = sourcecode.swift; path = ImageButton.swift; sourceTree = "<group>"; };
		0B94E3322A681560008F6D39 /* CharacterCreateView.swift */ = {isa = PBXFileReference; fileEncoding = 4; lastKnownFileType = sourcecode.swift; path = CharacterCreateView.swift; sourceTree = "<group>"; };
		0B94E3352A690570008F6D39 /* ImageMerger.swift */ = {isa = PBXFileReference; lastKnownFileType = sourcecode.swift; path = ImageMerger.swift; sourceTree = "<group>"; };
		0B94E3372A6914B4008F6D39 /* Onboarding1View.swift */ = {isa = PBXFileReference; lastKnownFileType = sourcecode.swift; path = Onboarding1View.swift; sourceTree = "<group>"; };
		0BE598062A5FD31400D019EA /* ColorExtension.swift */ = {isa = PBXFileReference; lastKnownFileType = sourcecode.swift; path = ColorExtension.swift; sourceTree = "<group>"; };
		0BE598092A5FD48F00D019EA /* ButtonStyle.swift */ = {isa = PBXFileReference; lastKnownFileType = sourcecode.swift; path = ButtonStyle.swift; sourceTree = "<group>"; };
		0BE5980B2A5FD86F00D019EA /* Info.plist */ = {isa = PBXFileReference; lastKnownFileType = text.plist; path = Info.plist; sourceTree = "<group>"; };
		0BE5980E2A5FDE2E00D019EA /* OnBoardingView.swift */ = {isa = PBXFileReference; lastKnownFileType = sourcecode.swift; path = OnBoardingView.swift; sourceTree = "<group>"; };
		0BE598102A5FE3D700D019EA /* OnBoarding2View.swift */ = {isa = PBXFileReference; lastKnownFileType = sourcecode.swift; path = OnBoarding2View.swift; sourceTree = "<group>"; };
		0BE598122A5FE3E400D019EA /* OnBoarding3View.swift */ = {isa = PBXFileReference; lastKnownFileType = sourcecode.swift; path = OnBoarding3View.swift; sourceTree = "<group>"; };
		0BE598142A5FE6FE00D019EA /* PageTabViewStyle.swift */ = {isa = PBXFileReference; lastKnownFileType = sourcecode.swift; path = PageTabViewStyle.swift; sourceTree = "<group>"; };
		0BE5982C2A60F3E600D019EA /* TheJamsilOTF6ExtraBold.otf */ = {isa = PBXFileReference; lastKnownFileType = file; path = TheJamsilOTF6ExtraBold.otf; sourceTree = "<group>"; };
		0BE5982D2A60F3E600D019EA /* TheJamsilOTF2Light.otf */ = {isa = PBXFileReference; lastKnownFileType = file; path = TheJamsilOTF2Light.otf; sourceTree = "<group>"; };
		0BE5982E2A60F3E600D019EA /* TheJamsilOTF3Regular.otf */ = {isa = PBXFileReference; lastKnownFileType = file; path = TheJamsilOTF3Regular.otf; sourceTree = "<group>"; };
		0BE5982F2A60F3E600D019EA /* TheJamsilOTF1Thin.otf */ = {isa = PBXFileReference; lastKnownFileType = file; path = TheJamsilOTF1Thin.otf; sourceTree = "<group>"; };
		0BE598302A60F3E600D019EA /* TheJamsilOTF4Medium.otf */ = {isa = PBXFileReference; lastKnownFileType = file; path = TheJamsilOTF4Medium.otf; sourceTree = "<group>"; };
		0BE598312A60F3E600D019EA /* TheJamsilOTF5Bold.otf */ = {isa = PBXFileReference; lastKnownFileType = file; path = TheJamsilOTF5Bold.otf; sourceTree = "<group>"; };
		0BE5983C2A62629600D019EA /* FontExtension.swift */ = {isa = PBXFileReference; lastKnownFileType = sourcecode.swift; path = FontExtension.swift; sourceTree = "<group>"; };
		0E94FABC2A5A83AE002A39FB /* SixTech.app */ = {isa = PBXFileReference; explicitFileType = wrapper.application; includeInIndex = 0; path = SixTech.app; sourceTree = BUILT_PRODUCTS_DIR; };
		0E94FABF2A5A83AF002A39FB /* SixTechApp.swift */ = {isa = PBXFileReference; lastKnownFileType = sourcecode.swift; path = SixTechApp.swift; sourceTree = "<group>"; };
		0E94FAC32A5A83B0002A39FB /* Assets.xcassets */ = {isa = PBXFileReference; lastKnownFileType = folder.assetcatalog; path = Assets.xcassets; sourceTree = "<group>"; };
		0E94FAC62A5A83B0002A39FB /* Preview Assets.xcassets */ = {isa = PBXFileReference; lastKnownFileType = folder.assetcatalog; path = "Preview Assets.xcassets"; sourceTree = "<group>"; };
		0EAD30202A5C6FE700E8A548 /* .swiftlint.yml */ = {isa = PBXFileReference; lastKnownFileType = text.yaml; path = .swiftlint.yml; sourceTree = "<group>"; };
		0EAD30222A5C711500E8A548 /* .pre-commit-config.yaml */ = {isa = PBXFileReference; lastKnownFileType = text.yaml; path = ".pre-commit-config.yaml"; sourceTree = "<group>"; };
		86E014392A690AB1007F3195 /* WaitingRoomView.swift */ = {isa = PBXFileReference; lastKnownFileType = sourcecode.swift; path = WaitingRoomView.swift; sourceTree = "<group>"; };
		86E0143D2A691097007F3195 /* DismissButton.swift */ = {isa = PBXFileReference; lastKnownFileType = sourcecode.swift; path = DismissButton.swift; sourceTree = "<group>"; };
		86E0143F2A6D50BC007F3195 /* MainView.swift */ = {isa = PBXFileReference; lastKnownFileType = sourcecode.swift; path = MainView.swift; sourceTree = "<group>"; };
		86E0586F2A67F3DB00F86049 /* UIViewExtension.swift */ = {isa = PBXFileReference; fileEncoding = 4; lastKnownFileType = sourcecode.swift; path = UIViewExtension.swift; sourceTree = "<group>"; };
		86E058702A67F3DB00F86049 /* MatchManager.swift */ = {isa = PBXFileReference; fileEncoding = 4; lastKnownFileType = sourcecode.swift; path = MatchManager.swift; sourceTree = "<group>"; };
		86E058712A67F3DB00F86049 /* EngagementView.swift */ = {isa = PBXFileReference; fileEncoding = 4; lastKnownFileType = sourcecode.swift; path = EngagementView.swift; sourceTree = "<group>"; };
		86E058732A67F3DB00F86049 /* CreateRoomView.swift */ = {isa = PBXFileReference; fileEncoding = 4; lastKnownFileType = sourcecode.swift; path = CreateRoomView.swift; sourceTree = "<group>"; };
		86E058792A67FDFC00F86049 /* CustomMatchingViewController.swift */ = {isa = PBXFileReference; lastKnownFileType = sourcecode.swift; path = CustomMatchingViewController.swift; sourceTree = "<group>"; };
		86E0587B2A68027500F86049 /* SixTech.entitlements */ = {isa = PBXFileReference; lastKnownFileType = text.plist.entitlements; path = SixTech.entitlements; sourceTree = "<group>"; };
		86E0587C2A6901D800F86049 /* PlayView.swift */ = {isa = PBXFileReference; lastKnownFileType = sourcecode.swift; path = PlayView.swift; sourceTree = "<group>"; };
		86F4A36C2A6FFD4C00F780AB /* CustomAlert.swift */ = {isa = PBXFileReference; lastKnownFileType = sourcecode.swift; path = CustomAlert.swift; sourceTree = "<group>"; };
		86F4A36E2A71461E00F780AB /* MyprofileView.swift */ = {isa = PBXFileReference; lastKnownFileType = sourcecode.swift; path = MyprofileView.swift; sourceTree = "<group>"; };
		86F62EE22A7158C000A15076 /* MyHistoryView.swift */ = {isa = PBXFileReference; lastKnownFileType = sourcecode.swift; path = MyHistoryView.swift; sourceTree = "<group>"; };
		86F62EE42A715C5800A15076 /* 캘린더.swift */ = {isa = PBXFileReference; lastKnownFileType = sourcecode.swift; path = "캘린더.swift"; sourceTree = "<group>"; };
		86F62EE62A72362200A15076 /* ViewExtension.swift */ = {isa = PBXFileReference; lastKnownFileType = sourcecode.swift; path = ViewExtension.swift; sourceTree = "<group>"; };
		705495842A6E520400EE0040 /* InfoView.swift */ = {isa = PBXFileReference; lastKnownFileType = sourcecode.swift; path = InfoView.swift; sourceTree = "<group>"; };
		707316022A6707EE00FCFE13 /* MapUI.swift */ = {isa = PBXFileReference; lastKnownFileType = sourcecode.swift; path = MapUI.swift; sourceTree = "<group>"; };
		709C75DE2A7170FF00C16313 /* SnapshotManager.swift */ = {isa = PBXFileReference; lastKnownFileType = sourcecode.swift; path = SnapshotManager.swift; sourceTree = "<group>"; };
		709C75E02A71715A00C16313 /* MKPolyline+Coordinates.swift */ = {isa = PBXFileReference; lastKnownFileType = sourcecode.swift; path = "MKPolyline+Coordinates.swift"; sourceTree = "<group>"; };
		709C75E42A71752900C16313 /* RectangleView.swift */ = {isa = PBXFileReference; lastKnownFileType = sourcecode.swift; path = RectangleView.swift; sourceTree = "<group>"; };
		70A843D32A5FD3C300228842 /* MapView.swift */ = {isa = PBXFileReference; lastKnownFileType = sourcecode.swift; path = MapView.swift; sourceTree = "<group>"; };
		70A843D52A5FD75100228842 /* LocationManager.swift */ = {isa = PBXFileReference; lastKnownFileType = sourcecode.swift; path = LocationManager.swift; sourceTree = "<group>"; };
		70AE2AB72A71011900C121BB /* TestPhotoView.swift */ = {isa = PBXFileReference; lastKnownFileType = sourcecode.swift; path = TestPhotoView.swift; sourceTree = "<group>"; };
		70D93FD42A67EFB5003C027A /* ImageAnnotationView.swift */ = {isa = PBXFileReference; lastKnownFileType = sourcecode.swift; path = ImageAnnotationView.swift; sourceTree = "<group>"; };
		0EB41DF72A70593F002929D9 /* LetPlogWatch Watch App.app */ = {isa = PBXFileReference; explicitFileType = wrapper.application; includeInIndex = 0; path = "LetPlogWatch Watch App.app"; sourceTree = BUILT_PRODUCTS_DIR; };
		0EB41DF92A70593F002929D9 /* LetPlogWatchApp.swift */ = {isa = PBXFileReference; lastKnownFileType = sourcecode.swift; path = LetPlogWatchApp.swift; sourceTree = "<group>"; };
		0EB41DFB2A70593F002929D9 /* ContentView.swift */ = {isa = PBXFileReference; lastKnownFileType = sourcecode.swift; path = ContentView.swift; sourceTree = "<group>"; };
		0EB41DFD2A705940002929D9 /* Assets.xcassets */ = {isa = PBXFileReference; lastKnownFileType = folder.assetcatalog; path = Assets.xcassets; sourceTree = "<group>"; };
		0EB41E002A705940002929D9 /* Preview Assets.xcassets */ = {isa = PBXFileReference; lastKnownFileType = folder.assetcatalog; path = "Preview Assets.xcassets"; sourceTree = "<group>"; };
/* End PBXFileReference section */

/* Begin PBXFrameworksBuildPhase section */
		0E94FAB92A5A83AE002A39FB /* Frameworks */ = {
			isa = PBXFrameworksBuildPhase;
			buildActionMask = 2147483647;
			files = (
				0BE598182A5FF23B00D019EA /* SwiftUIGIF in Frameworks */,
			);
			runOnlyForDeploymentPostprocessing = 0;
		};
		0EB41DF42A70593F002929D9 /* Frameworks */ = {
			isa = PBXFrameworksBuildPhase;
			buildActionMask = 2147483647;
			files = (
			);
			runOnlyForDeploymentPostprocessing = 0;
		};
/* End PBXFrameworksBuildPhase section */

/* Begin PBXGroup section */
		0B5B27042A70AD1F00703D56 /* ImagePicker */ = {
			isa = PBXGroup;
			children = (
				0B5B27082A70CA0500703D56 /* Model */,
				0B5B27052A70AD5300703D56 /* View */,
			);
			path = ImagePicker;
			sourceTree = "<group>";
		};
		0B5B27052A70AD5300703D56 /* View */ = {
			isa = PBXGroup;
			children = (
				0B5B27062A70AD5E00703D56 /* ImagePickView.swift */,
				0B5B27122A70FFCC00703D56 /* PolaroidView.swift */,
			);
			path = View;
			sourceTree = "<group>";
		};
		0B5B27082A70CA0500703D56 /* Model */ = {
			isa = PBXGroup;
			children = (
				0B5B27092A70CA1400703D56 /* ImagePicker.swift */,
			);
			path = Model;
			sourceTree = "<group>";
		};
		0B5B270B2A70E64700703D56 /* ShareResult */ = {
			isa = PBXGroup;
			children = (
				0B5B270D2A70E66C00703D56 /* Model */,
				0B5B270C2A70E66600703D56 /* View */,
			);
			path = ShareResult;
			sourceTree = "<group>";
		};
		0B5B270C2A70E66600703D56 /* View */ = {
			isa = PBXGroup;
			children = (
				0B5B27102A70E9EE00703D56 /* ImageTabView.swift */,
				0B5B272C2A72202A00703D56 /* ShareResultView.swift */,
			);
			path = View;
			sourceTree = "<group>";
		};
		0B5B270D2A70E66C00703D56 /* Model */ = {
			isa = PBXGroup;
			children = (
			);
			path = Model;
			sourceTree = "<group>";
		};
		0B5B27162A71657400703D56 /* Coredata */ = {
			isa = PBXGroup;
			children = (
				0B5B271D2A7166B200703D56 /* History.xcdatamodeld */,
				0B5B27202A71784D00703D56 /* HistoryModel.swift */,
				0B5B272A2A717F2000703D56 /* CoredataTest.swift */,
			);
			path = Coredata;
			sourceTree = "<group>";
		};
		0B94E3282A681459008F6D39 /* CharacterCreate */ = {
			isa = PBXGroup;
			children = (
				0B94E3342A690554008F6D39 /* Model */,
				0B94E3292A681459008F6D39 /* View */,
			);
			path = CharacterCreate;
			sourceTree = "<group>";
		};
		0B94E3292A681459008F6D39 /* View */ = {
			isa = PBXGroup;
			children = (
				0B94E3322A681560008F6D39 /* CharacterCreateView.swift */,
			);
			path = View;
			sourceTree = "<group>";
		};
		0B94E3342A690554008F6D39 /* Model */ = {
			isa = PBXGroup;
			children = (
				0B94E3352A690570008F6D39 /* ImageMerger.swift */,
				0B5B27142A713C4E00703D56 /* CharacterCreateViewModel.swift */,
			);
			path = Model;
			sourceTree = "<group>";
		};
		0B94E3392A6927CF008F6D39 /* CameraFilter */ = {
			isa = PBXGroup;
			children = (
				0BAAD2832A6CDD8C000E0127 /* Model */,
				0B94E33A2A6928CB008F6D39 /* View */,
			);
			path = CameraFilter;
			sourceTree = "<group>";
		};
		0B94E33A2A6928CB008F6D39 /* View */ = {
			isa = PBXGroup;
			children = (
				0B4E2BC32A6EC40400014F85 /* CameraView.swift */,
			);
			path = View;
			sourceTree = "<group>";
		};
		0BAAD2832A6CDD8C000E0127 /* Model */ = {
			isa = PBXGroup;
			children = (
				0B4E2BBF2A6EC3FE00014F85 /* Camera.swift */,
				0B4E2BC02A6EC3FE00014F85 /* CameraViewModel.swift */,
			);
			path = Model;
			sourceTree = "<group>";
		};
		0BE598052A5FD2FC00D019EA /* Extension */ = {
			isa = PBXGroup;
			children = (
				0BE598062A5FD31400D019EA /* ColorExtension.swift */,
				0BE5983C2A62629600D019EA /* FontExtension.swift */,
				86E0586F2A67F3DB00F86049 /* UIViewExtension.swift */,
				86F62EE62A72362200A15076 /* ViewExtension.swift */,
				0B4E2BC82A6FB5AB00014F85 /* ImageURLExtension.swift */,
			);
			path = Extension;
			sourceTree = "<group>";
		};
		0BE598082A5FD47900D019EA /* ButtonStyle */ = {
			isa = PBXGroup;
			children = (
				0B94E3302A681552008F6D39 /* ImageButton.swift */,
				0BE598092A5FD48F00D019EA /* ButtonStyle.swift */,
			);
			path = ButtonStyle;
			sourceTree = "<group>";
		};
		0BE5980C2A5FDE0E00D019EA /* View */ = {
			isa = PBXGroup;
			children = (
				0B5B270B2A70E64700703D56 /* ShareResult */,
				0B5B27042A70AD1F00703D56 /* ImagePicker */,
				0B94E3392A6927CF008F6D39 /* CameraFilter */,
				0B94E3282A681459008F6D39 /* CharacterCreate */,
				0BE5980D2A5FDE1D00D019EA /* Onboarding */,
			);
			path = View;
			sourceTree = "<group>";
		};
		0BE5980D2A5FDE1D00D019EA /* Onboarding */ = {
			isa = PBXGroup;
			children = (
				0BE5980E2A5FDE2E00D019EA /* OnBoardingView.swift */,
				0B94E3372A6914B4008F6D39 /* Onboarding1View.swift */,
				0BE598102A5FE3D700D019EA /* OnBoarding2View.swift */,
				0BE598122A5FE3E400D019EA /* OnBoarding3View.swift */,
				0BE598142A5FE6FE00D019EA /* PageTabViewStyle.swift */,
			);
			path = Onboarding;
			sourceTree = "<group>";
		};
		0BE5981B2A60EAB700D019EA /* Fonts */ = {
			isa = PBXGroup;
			children = (
				0BE5982F2A60F3E600D019EA /* TheJamsilOTF1Thin.otf */,
				0BE5982D2A60F3E600D019EA /* TheJamsilOTF2Light.otf */,
				0BE5982E2A60F3E600D019EA /* TheJamsilOTF3Regular.otf */,
				0BE598302A60F3E600D019EA /* TheJamsilOTF4Medium.otf */,
				0BE598312A60F3E600D019EA /* TheJamsilOTF5Bold.otf */,
				0BE5982C2A60F3E600D019EA /* TheJamsilOTF6ExtraBold.otf */,
			);
			path = Fonts;
			sourceTree = "<group>";
		};
		0E94FAB32A5A83AE002A39FB = {
			isa = PBXGroup;
			children = (
				0EAD30222A5C711500E8A548 /* .pre-commit-config.yaml */,
				0EAD30202A5C6FE700E8A548 /* .swiftlint.yml */,
				0E94FABE2A5A83AF002A39FB /* SixTech */,
				0EB41DF82A70593F002929D9 /* LetPlogWatch Watch App */,
				0E94FABD2A5A83AE002A39FB /* Products */,
			);
			sourceTree = "<group>";
		};
		0E94FABD2A5A83AE002A39FB /* Products */ = {
			isa = PBXGroup;
			children = (
				0E94FABC2A5A83AE002A39FB /* SixTech.app */,
				0EB41DF72A70593F002929D9 /* LetPlogWatch Watch App.app */,
			);
			name = Products;
			sourceTree = "<group>";
		};
		0E94FABE2A5A83AF002A39FB /* SixTech */ = {
			isa = PBXGroup;
			children = (
				86E0587B2A68027500F86049 /* SixTech.entitlements */,
				86E0586E2A67F3DB00F86049 /* JerryTest */,
				0B5B27162A71657400703D56 /* Coredata */,
				70A843D22A5FD3A800228842 /* Map */,
				0BE5981B2A60EAB700D019EA /* Fonts */,
				0BE598082A5FD47900D019EA /* ButtonStyle */,
				0BE598052A5FD2FC00D019EA /* Extension */,
				0BE5980C2A5FDE0E00D019EA /* View */,
				0BE5980B2A5FD86F00D019EA /* Info.plist */,
				0E94FABF2A5A83AF002A39FB /* SixTechApp.swift */,
				0E94FAC32A5A83B0002A39FB /* Assets.xcassets */,
				0B94E32E2A6814B9008F6D39 /* onboardingGIF.gif */,
				0E94FAC52A5A83B0002A39FB /* Preview Content */,
			);
			path = SixTech;
			sourceTree = "<group>";
		};
		0E94FAC52A5A83B0002A39FB /* Preview Content */ = {
			isa = PBXGroup;
			children = (
				0E94FAC62A5A83B0002A39FB /* Preview Assets.xcassets */,
			);
			path = "Preview Content";
			sourceTree = "<group>";
		};
		86E0586E2A67F3DB00F86049 /* JerryTest */ = {
			isa = PBXGroup;
			children = (
				86F62EE82A72366300A15076 /* API */,
				86E058712A67F3DB00F86049 /* EngagementView.swift */,
				86E058732A67F3DB00F86049 /* CreateRoomView.swift */,
				86E0587C2A6901D800F86049 /* PlayView.swift */,
				86E0143F2A6D50BC007F3195 /* MainView.swift */,
				86E014392A690AB1007F3195 /* WaitingRoomView.swift */,
				86E0143D2A691097007F3195 /* DismissButton.swift */,
				86F4A36C2A6FFD4C00F780AB /* CustomAlert.swift */,
				86F4A36E2A71461E00F780AB /* MyprofileView.swift */,
				86F62EE22A7158C000A15076 /* MyHistoryView.swift */,
				86F62EE42A715C5800A15076 /* 캘린더.swift */,
			);
			path = JerryTest;
			sourceTree = "<group>";
		};
		86F62EE82A72366300A15076 /* API */ = {
			isa = PBXGroup;
			children = (
				86E058702A67F3DB00F86049 /* MatchManager.swift */,
				86E058792A67FDFC00F86049 /* CustomMatchingViewController.swift */,
			);
			path = API;
		709C75E22A7171DC00C16313 /* Extension */ = {
			isa = PBXGroup;
			children = (
				709C75E02A71715A00C16313 /* MKPolyline+Coordinates.swift */,
			);
			path = Extension;
			sourceTree = "<group>";
		};
		709C75E32A7171E500C16313 /* UI */ = {
			isa = PBXGroup;
			children = (
				70A843D32A5FD3C300228842 /* MapView.swift */,
				707316022A6707EE00FCFE13 /* MapUI.swift */,
				705495842A6E520400EE0040 /* InfoView.swift */,
				709C75E42A71752900C16313 /* RectangleView.swift */,
				70AE2AB72A71011900C121BB /* TestPhotoView.swift */,
			);
			path = UI;
			sourceTree = "<group>";
		};
		709C75E62A7175D000C16313 /* Core */ = {
			isa = PBXGroup;
			children = (
				709C75DE2A7170FF00C16313 /* SnapshotManager.swift */,
				70A843D52A5FD75100228842 /* LocationManager.swift */,
			);
			path = Core;
			sourceTree = "<group>";
		};
		709C75E72A7176B100C16313 /* Utilities */ = {
			isa = PBXGroup;
			children = (
				70D93FD42A67EFB5003C027A /* ImageAnnotationView.swift */,
			);
			path = Utilities;
			sourceTree = "<group>";
		};
		70A843D22A5FD3A800228842 /* Map */ = {
			isa = PBXGroup;
			children = (
				709C75E32A7171E500C16313 /* UI */,
				709C75E22A7171DC00C16313 /* Extension */,
				709C75E62A7175D000C16313 /* Core */,
				709C75E72A7176B100C16313 /* Utilities */,
			);
			path = Map;
		0EB41DF82A70593F002929D9 /* LetPlogWatch Watch App */ = {
			isa = PBXGroup;
			children = (
				0EB41DF92A70593F002929D9 /* LetPlogWatchApp.swift */,
				0EB41DFB2A70593F002929D9 /* ContentView.swift */,
				0EB41DFD2A705940002929D9 /* Assets.xcassets */,
				0EB41DFF2A705940002929D9 /* Preview Content */,
			);
			path = "LetPlogWatch Watch App";
			sourceTree = "<group>";
		};
		0EB41DFF2A705940002929D9 /* Preview Content */ = {
			isa = PBXGroup;
			children = (
				0EB41E002A705940002929D9 /* Preview Assets.xcassets */,
			);
			path = "Preview Content";
			sourceTree = "<group>";
		};
/* End PBXGroup section */

/* Begin PBXNativeTarget section */
		0E94FABB2A5A83AE002A39FB /* SixTech */ = {
			isa = PBXNativeTarget;
			buildConfigurationList = 0E94FACA2A5A83B0002A39FB /* Build configuration list for PBXNativeTarget "SixTech" */;
			buildPhases = (
				0E94FAB82A5A83AE002A39FB /* Sources */,
				0E94FAB92A5A83AE002A39FB /* Frameworks */,
				0E94FABA2A5A83AE002A39FB /* Resources */,
				0EAD301E2A5C6F9A00E8A548 /* ShellScript */,
				0EB41E042A705940002929D9 /* Embed Watch Content */,
			);
			buildRules = (
			);
			dependencies = (
				0EB41E032A705940002929D9 /* PBXTargetDependency */,
			);
			name = SixTech;
			packageProductDependencies = (
				0BE598172A5FF23B00D019EA /* SwiftUIGIF */,
			);
			productName = SixTech;
			productReference = 0E94FABC2A5A83AE002A39FB /* SixTech.app */;
			productType = "com.apple.product-type.application";
		};
		0EB41DF62A70593F002929D9 /* LetPlogWatch Watch App */ = {
			isa = PBXNativeTarget;
			buildConfigurationList = 0EB41E082A705940002929D9 /* Build configuration list for PBXNativeTarget "LetPlogWatch Watch App" */;
			buildPhases = (
				0EB41DF32A70593F002929D9 /* Sources */,
				0EB41DF42A70593F002929D9 /* Frameworks */,
				0EB41DF52A70593F002929D9 /* Resources */,
			);
			buildRules = (
			);
			dependencies = (
			);
			name = "LetPlogWatch Watch App";
			productName = "LetPlogWatch Watch App";
			productReference = 0EB41DF72A70593F002929D9 /* LetPlogWatch Watch App.app */;
			productType = "com.apple.product-type.application";
		};
/* End PBXNativeTarget section */

/* Begin PBXProject section */
		0E94FAB42A5A83AE002A39FB /* Project object */ = {
			isa = PBXProject;
			attributes = {
				BuildIndependentTargetsInParallel = 1;
				LastSwiftUpdateCheck = 1430;
				LastUpgradeCheck = 1430;
				TargetAttributes = {
					0E94FABB2A5A83AE002A39FB = {
						CreatedOnToolsVersion = 14.3.1;
					};
					0EB41DF62A70593F002929D9 = {
						CreatedOnToolsVersion = 14.3.1;
					};
				};
			};
			buildConfigurationList = 0E94FAB72A5A83AE002A39FB /* Build configuration list for PBXProject "SixTech" */;
			compatibilityVersion = "Xcode 14.0";
			developmentRegion = en;
			hasScannedForEncodings = 0;
			knownRegions = (
				en,
				Base,
			);
			mainGroup = 0E94FAB32A5A83AE002A39FB;
			packageReferences = (
				0BE598162A5FF23B00D019EA /* XCRemoteSwiftPackageReference "swiftui-gif" */,
			);
			productRefGroup = 0E94FABD2A5A83AE002A39FB /* Products */;
			projectDirPath = "";
			projectRoot = "";
			targets = (
				0E94FABB2A5A83AE002A39FB /* SixTech */,
				0EB41DF62A70593F002929D9 /* LetPlogWatch Watch App */,
			);
		};
/* End PBXProject section */

/* Begin PBXResourcesBuildPhase section */
		0E94FABA2A5A83AE002A39FB /* Resources */ = {
			isa = PBXResourcesBuildPhase;
			buildActionMask = 2147483647;
			files = (
				0EAD30212A5C6FE700E8A548 /* .swiftlint.yml in Resources */,
				0BE598342A60F3E600D019EA /* TheJamsilOTF3Regular.otf in Resources */,
				0E94FAC72A5A83B0002A39FB /* Preview Assets.xcassets in Resources */,
				0EAD30232A5C711500E8A548 /* .pre-commit-config.yaml in Resources */,
				0BE598332A60F3E600D019EA /* TheJamsilOTF2Light.otf in Resources */,
				0BE598352A60F3E600D019EA /* TheJamsilOTF1Thin.otf in Resources */,
				0BE598362A60F3E600D019EA /* TheJamsilOTF4Medium.otf in Resources */,
				0BE598372A60F3E600D019EA /* TheJamsilOTF5Bold.otf in Resources */,
				0BE598322A60F3E600D019EA /* TheJamsilOTF6ExtraBold.otf in Resources */,
				0B94E32F2A6814B9008F6D39 /* onboardingGIF.gif in Resources */,
				0E94FAC42A5A83B0002A39FB /* Assets.xcassets in Resources */,
			);
			runOnlyForDeploymentPostprocessing = 0;
		};
		0EB41DF52A70593F002929D9 /* Resources */ = {
			isa = PBXResourcesBuildPhase;
			buildActionMask = 2147483647;
			files = (
				0EB41E012A705940002929D9 /* Preview Assets.xcassets in Resources */,
				0EB41DFE2A705940002929D9 /* Assets.xcassets in Resources */,
			);
			runOnlyForDeploymentPostprocessing = 0;
		};
/* End PBXResourcesBuildPhase section */

/* Begin PBXShellScriptBuildPhase section */
		0EAD301E2A5C6F9A00E8A548 /* ShellScript */ = {
			isa = PBXShellScriptBuildPhase;
			alwaysOutOfDate = 1;
			buildActionMask = 2147483647;
			files = (
			);
			inputFileListPaths = (
			);
			inputPaths = (
			);
			outputFileListPaths = (
			);
			outputPaths = (
			);
			runOnlyForDeploymentPostprocessing = 0;
			shellPath = /bin/sh;
			shellScript = "# Type a script or drag a script file from your workspace to insert its path.\nif [[ \"$(uname -m)\" == arm64 ]]; then\n    export PATH=\"/opt/homebrew/bin:$PATH\"\nfi\n\nif which swiftlint > /dev/null; then\n  swiftlint\nelse\n  echo \"warning: SwiftLint not installed, download from https://github.com/realm/SwiftLint\"\nfi\n";
		};
/* End PBXShellScriptBuildPhase section */

/* Begin PBXSourcesBuildPhase section */
		0E94FAB82A5A83AE002A39FB /* Sources */ = {
			isa = PBXSourcesBuildPhase;
			buildActionMask = 2147483647;
			files = (
				86E058742A67F3DB00F86049 /* UIViewExtension.swift in Sources */,
				705495852A6E520400EE0040 /* InfoView.swift in Sources */,
				70A843D62A5FD75100228842 /* LocationManager.swift in Sources */,
				707316032A6707EE00FCFE13 /* MapUI.swift in Sources */,
				70AE2AB82A71011900C121BB /* TestPhotoView.swift in Sources */,
				709C75E52A71752900C16313 /* RectangleView.swift in Sources */,
				0E94FAC22A5A83AF002A39FB /* ContentView.swift in Sources */,
				70A843D42A5FD3C300228842 /* MapView.swift in Sources */,
				70D93FD52A67EFB5003C027A /* ImageAnnotationView.swift in Sources */,
				0BE598112A5FE3D700D019EA /* OnBoarding2View.swift in Sources */,
				86E0143A2A690AB1007F3195 /* WaitingRoomView.swift in Sources */,
				0BE598152A5FE6FE00D019EA /* PageTabViewStyle.swift in Sources */,
				86E058752A67F3DB00F86049 /* MatchManager.swift in Sources */,
				86E014402A6D50BC007F3195 /* MainView.swift in Sources */,
				86F4A36D2A6FFD4C00F780AB /* CustomAlert.swift in Sources */,
				0BE598072A5FD31400D019EA /* ColorExtension.swift in Sources */,
				86E058762A67F3DB00F86049 /* EngagementView.swift in Sources */,
				86E0143E2A691097007F3195 /* DismissButton.swift in Sources */,
				0BE5980A2A5FD48F00D019EA /* ButtonStyle.swift in Sources */,
				86E058782A67F3DB00F86049 /* CreateRoomView.swift in Sources */,
				0E94FAC22A5A83AF002A39FB /* ContentView.swift in Sources */,
				86E0587D2A6901D800F86049 /* PlayView.swift in Sources */,
				0B4E2BC42A6EC40400014F85 /* CameraView.swift in Sources */,
				0BE5980A2A5FD48F00D019EA /* ButtonStyle.swift in Sources */,
				0B4E2BC92A6FB5AB00014F85 /* ImageURLExtension.swift in Sources */,
				0B5B27132A70FFCC00703D56 /* PolaroidView.swift in Sources */,
				0B5B270A2A70CA1400703D56 /* ImagePicker.swift in Sources */,
				0B5B27212A71784D00703D56 /* HistoryModel.swift in Sources */,
				0B94E3312A681552008F6D39 /* ImageButton.swift in Sources */,
				0B5B27112A70E9EE00703D56 /* ImageTabView.swift in Sources */,
				0BE598132A5FE3E400D019EA /* OnBoarding3View.swift in Sources */,
				86F62EE32A7158C000A15076 /* MyHistoryView.swift in Sources */,
				0BE5983D2A62629600D019EA /* FontExtension.swift in Sources */,
				0BE5980F2A5FDE2E00D019EA /* OnBoardingView.swift in Sources */,
				86F62EE52A715C5800A15076 /* 캘린더.swift in Sources */,
				86F62EE72A72362200A15076 /* ViewExtension.swift in Sources */,
				86F4A36F2A71461F00F780AB /* MyprofileView.swift in Sources */,
				0E94FAC02A5A83AF002A39FB /* SixTechApp.swift in Sources */,
				86E0587A2A67FDFC00F86049 /* CustomMatchingViewController.swift in Sources */,
				0B94E3332A681560008F6D39 /* CharacterCreateView.swift in Sources */,
				0E94FAC02A5A83AF002A39FB /* SixTechApp.swift in Sources */,

				0B5B272D2A72202A00703D56 /* ShareResultView.swift in Sources */,
				0B5B271F2A7166B200703D56 /* History.xcdatamodeld in Sources */,
				0B5B27152A713C4E00703D56 /* CharacterCreateViewModel.swift in Sources */,
				0B4E2BC12A6EC3FE00014F85 /* Camera.swift in Sources */,
				0B4E2BC22A6EC3FE00014F85 /* CameraViewModel.swift in Sources */,
				0B5B272B2A717F2000703D56 /* CoredataTest.swift in Sources */,
				0B94E3362A690570008F6D39 /* ImageMerger.swift in Sources */,
				0B5B27072A70AD5E00703D56 /* ImagePickView.swift in Sources */,
				0B94E3382A6914B4008F6D39 /* Onboarding1View.swift in Sources */,

				709C75E12A71715A00C16313 /* MKPolyline+Coordinates.swift in Sources */,
				709C75DF2A7170FF00C16313 /* SnapshotManager.swift in Sources */,
			);
			runOnlyForDeploymentPostprocessing = 0;
		};
		0EB41DF32A70593F002929D9 /* Sources */ = {
			isa = PBXSourcesBuildPhase;
			buildActionMask = 2147483647;
			files = (
				0EB41DFC2A70593F002929D9 /* ContentView.swift in Sources */,
				0EB41DFA2A70593F002929D9 /* LetPlogWatchApp.swift in Sources */,

			);
			runOnlyForDeploymentPostprocessing = 0;
		};
/* End PBXSourcesBuildPhase section */

/* Begin PBXTargetDependency section */
		0EB41E032A705940002929D9 /* PBXTargetDependency */ = {
			isa = PBXTargetDependency;
			target = 0EB41DF62A70593F002929D9 /* LetPlogWatch Watch App */;
			targetProxy = 0EB41E022A705940002929D9 /* PBXContainerItemProxy */;
		};
/* End PBXTargetDependency section */

/* Begin XCBuildConfiguration section */
		0E94FAC82A5A83B0002A39FB /* Debug */ = {
			isa = XCBuildConfiguration;
			buildSettings = {
				ALWAYS_SEARCH_USER_PATHS = NO;
				CLANG_ANALYZER_NONNULL = YES;
				CLANG_ANALYZER_NUMBER_OBJECT_CONVERSION = YES_AGGRESSIVE;
				CLANG_CXX_LANGUAGE_STANDARD = "gnu++20";
				CLANG_ENABLE_MODULES = YES;
				CLANG_ENABLE_OBJC_ARC = YES;
				CLANG_ENABLE_OBJC_WEAK = YES;
				CLANG_WARN_BLOCK_CAPTURE_AUTORELEASING = YES;
				CLANG_WARN_BOOL_CONVERSION = YES;
				CLANG_WARN_COMMA = YES;
				CLANG_WARN_CONSTANT_CONVERSION = YES;
				CLANG_WARN_DEPRECATED_OBJC_IMPLEMENTATIONS = YES;
				CLANG_WARN_DIRECT_OBJC_ISA_USAGE = YES_ERROR;
				CLANG_WARN_DOCUMENTATION_COMMENTS = YES;
				CLANG_WARN_EMPTY_BODY = YES;
				CLANG_WARN_ENUM_CONVERSION = YES;
				CLANG_WARN_INFINITE_RECURSION = YES;
				CLANG_WARN_INT_CONVERSION = YES;
				CLANG_WARN_NON_LITERAL_NULL_CONVERSION = YES;
				CLANG_WARN_OBJC_IMPLICIT_RETAIN_SELF = YES;
				CLANG_WARN_OBJC_LITERAL_CONVERSION = YES;
				CLANG_WARN_OBJC_ROOT_CLASS = YES_ERROR;
				CLANG_WARN_QUOTED_INCLUDE_IN_FRAMEWORK_HEADER = YES;
				CLANG_WARN_RANGE_LOOP_ANALYSIS = YES;
				CLANG_WARN_STRICT_PROTOTYPES = YES;
				CLANG_WARN_SUSPICIOUS_MOVE = YES;
				CLANG_WARN_UNGUARDED_AVAILABILITY = YES_AGGRESSIVE;
				CLANG_WARN_UNREACHABLE_CODE = YES;
				CLANG_WARN__DUPLICATE_METHOD_MATCH = YES;
				COPY_PHASE_STRIP = NO;
				DEBUG_INFORMATION_FORMAT = dwarf;
				ENABLE_STRICT_OBJC_MSGSEND = YES;
				ENABLE_TESTABILITY = YES;
				GCC_C_LANGUAGE_STANDARD = gnu11;
				GCC_DYNAMIC_NO_PIC = NO;
				GCC_NO_COMMON_BLOCKS = YES;
				GCC_OPTIMIZATION_LEVEL = 0;
				GCC_PREPROCESSOR_DEFINITIONS = (
					"DEBUG=1",
					"$(inherited)",
				);
				GCC_WARN_64_TO_32_BIT_CONVERSION = YES;
				GCC_WARN_ABOUT_RETURN_TYPE = YES_ERROR;
				GCC_WARN_UNDECLARED_SELECTOR = YES;
				GCC_WARN_UNINITIALIZED_AUTOS = YES_AGGRESSIVE;
				GCC_WARN_UNUSED_FUNCTION = YES;
				GCC_WARN_UNUSED_VARIABLE = YES;
				IPHONEOS_DEPLOYMENT_TARGET = 16.0;
				MTL_ENABLE_DEBUG_INFO = INCLUDE_SOURCE;
				MTL_FAST_MATH = YES;
				ONLY_ACTIVE_ARCH = YES;
				SDKROOT = iphoneos;
				SWIFT_ACTIVE_COMPILATION_CONDITIONS = DEBUG;
				SWIFT_OPTIMIZATION_LEVEL = "-Onone";
			};
			name = Debug;
		};
		0E94FAC92A5A83B0002A39FB /* Release */ = {
			isa = XCBuildConfiguration;
			buildSettings = {
				ALWAYS_SEARCH_USER_PATHS = NO;
				CLANG_ANALYZER_NONNULL = YES;
				CLANG_ANALYZER_NUMBER_OBJECT_CONVERSION = YES_AGGRESSIVE;
				CLANG_CXX_LANGUAGE_STANDARD = "gnu++20";
				CLANG_ENABLE_MODULES = YES;
				CLANG_ENABLE_OBJC_ARC = YES;
				CLANG_ENABLE_OBJC_WEAK = YES;
				CLANG_WARN_BLOCK_CAPTURE_AUTORELEASING = YES;
				CLANG_WARN_BOOL_CONVERSION = YES;
				CLANG_WARN_COMMA = YES;
				CLANG_WARN_CONSTANT_CONVERSION = YES;
				CLANG_WARN_DEPRECATED_OBJC_IMPLEMENTATIONS = YES;
				CLANG_WARN_DIRECT_OBJC_ISA_USAGE = YES_ERROR;
				CLANG_WARN_DOCUMENTATION_COMMENTS = YES;
				CLANG_WARN_EMPTY_BODY = YES;
				CLANG_WARN_ENUM_CONVERSION = YES;
				CLANG_WARN_INFINITE_RECURSION = YES;
				CLANG_WARN_INT_CONVERSION = YES;
				CLANG_WARN_NON_LITERAL_NULL_CONVERSION = YES;
				CLANG_WARN_OBJC_IMPLICIT_RETAIN_SELF = YES;
				CLANG_WARN_OBJC_LITERAL_CONVERSION = YES;
				CLANG_WARN_OBJC_ROOT_CLASS = YES_ERROR;
				CLANG_WARN_QUOTED_INCLUDE_IN_FRAMEWORK_HEADER = YES;
				CLANG_WARN_RANGE_LOOP_ANALYSIS = YES;
				CLANG_WARN_STRICT_PROTOTYPES = YES;
				CLANG_WARN_SUSPICIOUS_MOVE = YES;
				CLANG_WARN_UNGUARDED_AVAILABILITY = YES_AGGRESSIVE;
				CLANG_WARN_UNREACHABLE_CODE = YES;
				CLANG_WARN__DUPLICATE_METHOD_MATCH = YES;
				COPY_PHASE_STRIP = NO;
				DEBUG_INFORMATION_FORMAT = "dwarf-with-dsym";
				ENABLE_NS_ASSERTIONS = NO;
				ENABLE_STRICT_OBJC_MSGSEND = YES;
				GCC_C_LANGUAGE_STANDARD = gnu11;
				GCC_NO_COMMON_BLOCKS = YES;
				GCC_WARN_64_TO_32_BIT_CONVERSION = YES;
				GCC_WARN_ABOUT_RETURN_TYPE = YES_ERROR;
				GCC_WARN_UNDECLARED_SELECTOR = YES;
				GCC_WARN_UNINITIALIZED_AUTOS = YES_AGGRESSIVE;
				GCC_WARN_UNUSED_FUNCTION = YES;
				GCC_WARN_UNUSED_VARIABLE = YES;
				IPHONEOS_DEPLOYMENT_TARGET = 16.0;
				MTL_ENABLE_DEBUG_INFO = NO;
				MTL_FAST_MATH = YES;
				SDKROOT = iphoneos;
				SWIFT_COMPILATION_MODE = wholemodule;
				SWIFT_OPTIMIZATION_LEVEL = "-O";
				VALIDATE_PRODUCT = YES;
			};
			name = Release;
		};
		0E94FACB2A5A83B0002A39FB /* Debug */ = {
			isa = XCBuildConfiguration;
			buildSettings = {
				ALWAYS_EMBED_SWIFT_STANDARD_LIBRARIES = YES;
				ASSETCATALOG_COMPILER_APPICON_NAME = AppIcon;
				ASSETCATALOG_COMPILER_GLOBAL_ACCENT_COLOR_NAME = AccentColor;
				CODE_SIGN_ENTITLEMENTS = SixTech/SixTech.entitlements;
				CODE_SIGN_STYLE = Automatic;
				CURRENT_PROJECT_VERSION = 1;
				DEVELOPMENT_ASSET_PATHS = "\"SixTech/Preview Content\"";
				DEVELOPMENT_TEAM = M75X2R2UVV;
				ENABLE_PREVIEWS = YES;
				GENERATE_INFOPLIST_FILE = YES;
				INFOPLIST_FILE = SixTech/Info.plist;
				INFOPLIST_KEY_NSLocationWhenInUseUsageDescription = "같이줍깅을 사용하기 위해 위치권한이 필요해요";
				INFOPLIST_KEY_UIApplicationSceneManifest_Generation = YES;
				INFOPLIST_KEY_UIApplicationSupportsIndirectInputEvents = YES;
				INFOPLIST_KEY_UISupportedInterfaceOrientations_iPad = "UIInterfaceOrientationPortrait UIInterfaceOrientationPortraitUpsideDown UIInterfaceOrientationLandscapeLeft UIInterfaceOrientationLandscapeRight";
				INFOPLIST_KEY_UISupportedInterfaceOrientations_iPhone = "UIInterfaceOrientationPortrait UIInterfaceOrientationLandscapeLeft UIInterfaceOrientationLandscapeRight";
				LD_RUNPATH_SEARCH_PATHS = (
					"$(inherited)",
					"@executable_path/Frameworks",
				);
				MARKETING_VERSION = 1.0;
				PRODUCT_BUNDLE_IDENTIFIER = LetsFlogging.SixTech1;
				PRODUCT_NAME = "$(TARGET_NAME)";
				SWIFT_EMIT_LOC_STRINGS = YES;
				SWIFT_VERSION = 5.0;
				TARGETED_DEVICE_FAMILY = "1,2";
			};
			name = Debug;
		};
		0E94FACC2A5A83B0002A39FB /* Release */ = {
			isa = XCBuildConfiguration;
			buildSettings = {
				ALWAYS_EMBED_SWIFT_STANDARD_LIBRARIES = YES;
				ASSETCATALOG_COMPILER_APPICON_NAME = AppIcon;
				ASSETCATALOG_COMPILER_GLOBAL_ACCENT_COLOR_NAME = AccentColor;
				CODE_SIGN_ENTITLEMENTS = SixTech/SixTech.entitlements;
				CODE_SIGN_STYLE = Automatic;
				CURRENT_PROJECT_VERSION = 1;
				DEVELOPMENT_ASSET_PATHS = "\"SixTech/Preview Content\"";
				DEVELOPMENT_TEAM = M75X2R2UVV;
				ENABLE_PREVIEWS = YES;
				GENERATE_INFOPLIST_FILE = YES;
				INFOPLIST_KEY_NSLocationWhenInUseUsageDescription = "같이줍깅을 사용하기 위해 위치권한이 필요해요";
				INFOPLIST_FILE = SixTech/Info.plist;
				INFOPLIST_KEY_NSLocationWhenInUseUsageDescription = "같이줍깅을 사용하기 위해 위치권한이 필요해요";
				INFOPLIST_KEY_UIApplicationSceneManifest_Generation = YES;
				INFOPLIST_KEY_UIApplicationSupportsIndirectInputEvents = YES;
				INFOPLIST_KEY_UISupportedInterfaceOrientations_iPad = "UIInterfaceOrientationPortrait UIInterfaceOrientationPortraitUpsideDown UIInterfaceOrientationLandscapeLeft UIInterfaceOrientationLandscapeRight";
				INFOPLIST_KEY_UISupportedInterfaceOrientations_iPhone = "UIInterfaceOrientationPortrait UIInterfaceOrientationLandscapeLeft UIInterfaceOrientationLandscapeRight";
				LD_RUNPATH_SEARCH_PATHS = (
					"$(inherited)",
					"@executable_path/Frameworks",
				);
				MARKETING_VERSION = 1.0;
				PRODUCT_BUNDLE_IDENTIFIER = LetsFlogging.SixTech1;
				PRODUCT_NAME = "$(TARGET_NAME)";
				SWIFT_EMIT_LOC_STRINGS = YES;
				SWIFT_VERSION = 5.0;
				TARGETED_DEVICE_FAMILY = "1,2";
			};
			name = Release;
		};
		0EB41E062A705940002929D9 /* Debug */ = {
			isa = XCBuildConfiguration;
			buildSettings = {
				ASSETCATALOG_COMPILER_APPICON_NAME = AppIcon;
				ASSETCATALOG_COMPILER_GLOBAL_ACCENT_COLOR_NAME = AccentColor;
				CODE_SIGN_STYLE = Automatic;
				CURRENT_PROJECT_VERSION = 1;
				DEVELOPMENT_ASSET_PATHS = "\"LetPlogWatch Watch App/Preview Content\"";
				DEVELOPMENT_TEAM = GSD6RCY68C;
				ENABLE_PREVIEWS = YES;
				GENERATE_INFOPLIST_FILE = YES;
				INFOPLIST_KEY_CFBundleDisplayName = LetPlogWatch;
				INFOPLIST_KEY_UISupportedInterfaceOrientations = "UIInterfaceOrientationPortrait UIInterfaceOrientationPortraitUpsideDown";
				INFOPLIST_KEY_WKCompanionAppBundleIdentifier = LetsFlogging.SixTech;
				LD_RUNPATH_SEARCH_PATHS = (
					"$(inherited)",
					"@executable_path/Frameworks",
				);
				MARKETING_VERSION = 1.0;
				PRODUCT_BUNDLE_IDENTIFIER = LetsFlogging.SixTech.watchkitapp;
				PRODUCT_NAME = "$(TARGET_NAME)";
				SDKROOT = watchos;
				SKIP_INSTALL = YES;
				SWIFT_EMIT_LOC_STRINGS = YES;
				SWIFT_VERSION = 5.0;
				TARGETED_DEVICE_FAMILY = 4;
				WATCHOS_DEPLOYMENT_TARGET = 9.4;
			};
			name = Debug;
		};
		0EB41E072A705940002929D9 /* Release */ = {
			isa = XCBuildConfiguration;
			buildSettings = {
				ASSETCATALOG_COMPILER_APPICON_NAME = AppIcon;
				ASSETCATALOG_COMPILER_GLOBAL_ACCENT_COLOR_NAME = AccentColor;
				CODE_SIGN_STYLE = Automatic;
				CURRENT_PROJECT_VERSION = 1;
				DEVELOPMENT_ASSET_PATHS = "\"LetPlogWatch Watch App/Preview Content\"";
				DEVELOPMENT_TEAM = GSD6RCY68C;
				ENABLE_PREVIEWS = YES;
				GENERATE_INFOPLIST_FILE = YES;
				INFOPLIST_KEY_CFBundleDisplayName = LetPlogWatch;
				INFOPLIST_KEY_UISupportedInterfaceOrientations = "UIInterfaceOrientationPortrait UIInterfaceOrientationPortraitUpsideDown";
				INFOPLIST_KEY_WKCompanionAppBundleIdentifier = LetsFlogging.SixTech;
				LD_RUNPATH_SEARCH_PATHS = (
					"$(inherited)",
					"@executable_path/Frameworks",
				);
				MARKETING_VERSION = 1.0;
				PRODUCT_BUNDLE_IDENTIFIER = LetsFlogging.SixTech.watchkitapp;
				PRODUCT_NAME = "$(TARGET_NAME)";
				SDKROOT = watchos;
				SKIP_INSTALL = YES;
				SWIFT_EMIT_LOC_STRINGS = YES;
				SWIFT_VERSION = 5.0;
				TARGETED_DEVICE_FAMILY = 4;
				WATCHOS_DEPLOYMENT_TARGET = 9.4;
			};
			name = Release;
		};
/* End XCBuildConfiguration section */

/* Begin XCConfigurationList section */
		0E94FAB72A5A83AE002A39FB /* Build configuration list for PBXProject "SixTech" */ = {
			isa = XCConfigurationList;
			buildConfigurations = (
				0E94FAC82A5A83B0002A39FB /* Debug */,
				0E94FAC92A5A83B0002A39FB /* Release */,
			);
			defaultConfigurationIsVisible = 0;
			defaultConfigurationName = Release;
		};
		0E94FACA2A5A83B0002A39FB /* Build configuration list for PBXNativeTarget "SixTech" */ = {
			isa = XCConfigurationList;
			buildConfigurations = (
				0E94FACB2A5A83B0002A39FB /* Debug */,
				0E94FACC2A5A83B0002A39FB /* Release */,
			);
			defaultConfigurationIsVisible = 0;
			defaultConfigurationName = Release;
		};
		0EB41E082A705940002929D9 /* Build configuration list for PBXNativeTarget "LetPlogWatch Watch App" */ = {
			isa = XCConfigurationList;
			buildConfigurations = (
				0EB41E062A705940002929D9 /* Debug */,
				0EB41E072A705940002929D9 /* Release */,
			);
			defaultConfigurationIsVisible = 0;
			defaultConfigurationName = Release;
		};
/* End XCConfigurationList section */

/* Begin XCRemoteSwiftPackageReference section */
		0BE598162A5FF23B00D019EA /* XCRemoteSwiftPackageReference "swiftui-gif" */ = {
			isa = XCRemoteSwiftPackageReference;
			repositoryURL = "https://github.com/globulus/swiftui-gif.git";
			requirement = {
				kind = upToNextMajorVersion;
				minimumVersion = 1.0.0;
			};
		};
/* End XCRemoteSwiftPackageReference section */

/* Begin XCSwiftPackageProductDependency section */
		0BE598172A5FF23B00D019EA /* SwiftUIGIF */ = {
			isa = XCSwiftPackageProductDependency;
			package = 0BE598162A5FF23B00D019EA /* XCRemoteSwiftPackageReference "swiftui-gif" */;
			productName = SwiftUIGIF;
		};
/* End XCSwiftPackageProductDependency section */

/* Begin XCVersionGroup section */
		0B5B271D2A7166B200703D56 /* History.xcdatamodeld */ = {
			isa = XCVersionGroup;
			children = (
				0B5B271E2A7166B200703D56 /* History.xcdatamodel */,
			);
			currentVersion = 0B5B271E2A7166B200703D56 /* History.xcdatamodel */;
			path = History.xcdatamodeld;
			sourceTree = "<group>";
			versionGroupType = wrapper.xcdatamodel;
		};
/* End XCVersionGroup section */
	};
	rootObject = 0E94FAB42A5A83AE002A39FB /* Project object */;
}
