// !$*UTF8*$!
{
	archiveVersion = 1;
	classes = {
	};
	objectVersion = 56;
	objects = {

/* Begin PBXBuildFile section */
		0B94E32F2A6814B9008F6D39 /* onboadingGIF.gif in Resources */ = {isa = PBXBuildFile; fileRef = 0B94E32E2A6814B9008F6D39 /* onboadingGIF.gif */; };
		0B94E3312A681552008F6D39 /* ImageButton.swift in Sources */ = {isa = PBXBuildFile; fileRef = 0B94E3302A681552008F6D39 /* ImageButton.swift */; };
		0B94E3332A681560008F6D39 /* CharacterCreateView.swift in Sources */ = {isa = PBXBuildFile; fileRef = 0B94E3322A681560008F6D39 /* CharacterCreateView.swift */; };
		0B94E3362A690570008F6D39 /* ImageMerger.swift in Sources */ = {isa = PBXBuildFile; fileRef = 0B94E3352A690570008F6D39 /* ImageMerger.swift */; };
		0BE598072A5FD31400D019EA /* ColorExtension.swift in Sources */ = {isa = PBXBuildFile; fileRef = 0BE598062A5FD31400D019EA /* ColorExtension.swift */; };
		0BE5980A2A5FD48F00D019EA /* ButtonStyle.swift in Sources */ = {isa = PBXBuildFile; fileRef = 0BE598092A5FD48F00D019EA /* ButtonStyle.swift */; };
		0BE5980F2A5FDE2E00D019EA /* OnBoardingView.swift in Sources */ = {isa = PBXBuildFile; fileRef = 0BE5980E2A5FDE2E00D019EA /* OnBoardingView.swift */; };
		0BE598112A5FE3D700D019EA /* OnBoarding2View.swift in Sources */ = {isa = PBXBuildFile; fileRef = 0BE598102A5FE3D700D019EA /* OnBoarding2View.swift */; };
		0BE598132A5FE3E400D019EA /* OnBoarding3View.swift in Sources */ = {isa = PBXBuildFile; fileRef = 0BE598122A5FE3E400D019EA /* OnBoarding3View.swift */; };
		0BE598152A5FE6FE00D019EA /* PageTabViewStyle.swift in Sources */ = {isa = PBXBuildFile; fileRef = 0BE598142A5FE6FE00D019EA /* PageTabViewStyle.swift */; };
		0BE598182A5FF23B00D019EA /* SwiftUIGIF in Frameworks */ = {isa = PBXBuildFile; productRef = 0BE598172A5FF23B00D019EA /* SwiftUIGIF */; };
		0BE598322A60F3E600D019EA /* TheJamsilOTF6ExtraBold.otf in Resources */ = {isa = PBXBuildFile; fileRef = 0BE5982C2A60F3E600D019EA /* TheJamsilOTF6ExtraBold.otf */; };
		0BE598332A60F3E600D019EA /* TheJamsilOTF2Light.otf in Resources */ = {isa = PBXBuildFile; fileRef = 0BE5982D2A60F3E600D019EA /* TheJamsilOTF2Light.otf */; };
		0BE598342A60F3E600D019EA /* TheJamsilOTF3Regular.otf in Resources */ = {isa = PBXBuildFile; fileRef = 0BE5982E2A60F3E600D019EA /* TheJamsilOTF3Regular.otf */; };
		0BE598352A60F3E600D019EA /* TheJamsilOTF1Thin.otf in Resources */ = {isa = PBXBuildFile; fileRef = 0BE5982F2A60F3E600D019EA /* TheJamsilOTF1Thin.otf */; };
		0BE598362A60F3E600D019EA /* TheJamsilOTF4Medium.otf in Resources */ = {isa = PBXBuildFile; fileRef = 0BE598302A60F3E600D019EA /* TheJamsilOTF4Medium.otf */; };
		0BE598372A60F3E600D019EA /* TheJamsilOTF5Bold.otf in Resources */ = {isa = PBXBuildFile; fileRef = 0BE598312A60F3E600D019EA /* TheJamsilOTF5Bold.otf */; };
		0BE5983D2A62629600D019EA /* FontExtension.swift in Sources */ = {isa = PBXBuildFile; fileRef = 0BE5983C2A62629600D019EA /* FontExtension.swift */; };
		0E94FAC02A5A83AF002A39FB /* SixTechApp.swift in Sources */ = {isa = PBXBuildFile; fileRef = 0E94FABF2A5A83AF002A39FB /* SixTechApp.swift */; };
		0E94FAC42A5A83B0002A39FB /* Assets.xcassets in Resources */ = {isa = PBXBuildFile; fileRef = 0E94FAC32A5A83B0002A39FB /* Assets.xcassets */; };
		0E94FAC72A5A83B0002A39FB /* Preview Assets.xcassets in Resources */ = {isa = PBXBuildFile; fileRef = 0E94FAC62A5A83B0002A39FB /* Preview Assets.xcassets */; };
		0EAD30212A5C6FE700E8A548 /* .swiftlint.yml in Resources */ = {isa = PBXBuildFile; fileRef = 0EAD30202A5C6FE700E8A548 /* .swiftlint.yml */; };
		0EAD30232A5C711500E8A548 /* .pre-commit-config.yaml in Resources */ = {isa = PBXBuildFile; fileRef = 0EAD30222A5C711500E8A548 /* .pre-commit-config.yaml */; };
/* End PBXBuildFile section */

/* Begin PBXFileReference section */
		0B94E32E2A6814B9008F6D39 /* onboadingGIF.gif */ = {isa = PBXFileReference; lastKnownFileType = image.gif; path = onboadingGIF.gif; sourceTree = "<group>"; };
		0B94E3302A681552008F6D39 /* ImageButton.swift */ = {isa = PBXFileReference; fileEncoding = 4; lastKnownFileType = sourcecode.swift; path = ImageButton.swift; sourceTree = "<group>"; };
		0B94E3322A681560008F6D39 /* CharacterCreateView.swift */ = {isa = PBXFileReference; fileEncoding = 4; lastKnownFileType = sourcecode.swift; path = CharacterCreateView.swift; sourceTree = "<group>"; };
		0B94E3352A690570008F6D39 /* ImageMerger.swift */ = {isa = PBXFileReference; lastKnownFileType = sourcecode.swift; path = ImageMerger.swift; sourceTree = "<group>"; };
		0BE598062A5FD31400D019EA /* ColorExtension.swift */ = {isa = PBXFileReference; lastKnownFileType = sourcecode.swift; path = ColorExtension.swift; sourceTree = "<group>"; };
		0BE598092A5FD48F00D019EA /* ButtonStyle.swift */ = {isa = PBXFileReference; lastKnownFileType = sourcecode.swift; path = ButtonStyle.swift; sourceTree = "<group>"; };
		0BE5980B2A5FD86F00D019EA /* Info.plist */ = {isa = PBXFileReference; lastKnownFileType = text.plist; path = Info.plist; sourceTree = "<group>"; };
		0BE5980E2A5FDE2E00D019EA /* OnBoardingView.swift */ = {isa = PBXFileReference; lastKnownFileType = sourcecode.swift; path = OnBoardingView.swift; sourceTree = "<group>"; };
		0BE598102A5FE3D700D019EA /* OnBoarding2View.swift */ = {isa = PBXFileReference; lastKnownFileType = sourcecode.swift; path = OnBoarding2View.swift; sourceTree = "<group>"; };
		0BE598122A5FE3E400D019EA /* OnBoarding3View.swift */ = {isa = PBXFileReference; lastKnownFileType = sourcecode.swift; path = OnBoarding3View.swift; sourceTree = "<group>"; };
		0BE598142A5FE6FE00D019EA /* PageTabViewStyle.swift */ = {isa = PBXFileReference; lastKnownFileType = sourcecode.swift; path = PageTabViewStyle.swift; sourceTree = "<group>"; };
		0BE5982C2A60F3E600D019EA /* TheJamsilOTF6ExtraBold.otf */ = {isa = PBXFileReference; lastKnownFileType = file; path = TheJamsilOTF6ExtraBold.otf; sourceTree = "<group>"; };
		0BE5982D2A60F3E600D019EA /* TheJamsilOTF2Light.otf */ = {isa = PBXFileReference; lastKnownFileType = file; path = TheJamsilOTF2Light.otf; sourceTree = "<group>"; };
		0BE5982E2A60F3E600D019EA /* TheJamsilOTF3Regular.otf */ = {isa = PBXFileReference; lastKnownFileType = file; path = TheJamsilOTF3Regular.otf; sourceTree = "<group>"; };
		0BE5982F2A60F3E600D019EA /* TheJamsilOTF1Thin.otf */ = {isa = PBXFileReference; lastKnownFileType = file; path = TheJamsilOTF1Thin.otf; sourceTree = "<group>"; };
		0BE598302A60F3E600D019EA /* TheJamsilOTF4Medium.otf */ = {isa = PBXFileReference; lastKnownFileType = file; path = TheJamsilOTF4Medium.otf; sourceTree = "<group>"; };
		0BE598312A60F3E600D019EA /* TheJamsilOTF5Bold.otf */ = {isa = PBXFileReference; lastKnownFileType = file; path = TheJamsilOTF5Bold.otf; sourceTree = "<group>"; };
		0BE5983C2A62629600D019EA /* FontExtension.swift */ = {isa = PBXFileReference; lastKnownFileType = sourcecode.swift; path = FontExtension.swift; sourceTree = "<group>"; };
		0E94FABC2A5A83AE002A39FB /* SixTech.app */ = {isa = PBXFileReference; explicitFileType = wrapper.application; includeInIndex = 0; path = SixTech.app; sourceTree = BUILT_PRODUCTS_DIR; };
		0E94FABF2A5A83AF002A39FB /* SixTechApp.swift */ = {isa = PBXFileReference; lastKnownFileType = sourcecode.swift; path = SixTechApp.swift; sourceTree = "<group>"; };
		0E94FAC32A5A83B0002A39FB /* Assets.xcassets */ = {isa = PBXFileReference; lastKnownFileType = folder.assetcatalog; path = Assets.xcassets; sourceTree = "<group>"; };
		0E94FAC62A5A83B0002A39FB /* Preview Assets.xcassets */ = {isa = PBXFileReference; lastKnownFileType = folder.assetcatalog; path = "Preview Assets.xcassets"; sourceTree = "<group>"; };
		0EAD30202A5C6FE700E8A548 /* .swiftlint.yml */ = {isa = PBXFileReference; lastKnownFileType = text.yaml; path = .swiftlint.yml; sourceTree = "<group>"; };
		0EAD30222A5C711500E8A548 /* .pre-commit-config.yaml */ = {isa = PBXFileReference; lastKnownFileType = text.yaml; path = ".pre-commit-config.yaml"; sourceTree = "<group>"; };
/* End PBXFileReference section */

/* Begin PBXFrameworksBuildPhase section */
		0E94FAB92A5A83AE002A39FB /* Frameworks */ = {
			isa = PBXFrameworksBuildPhase;
			buildActionMask = 2147483647;
			files = (
				0BE598182A5FF23B00D019EA /* SwiftUIGIF in Frameworks */,
			);
			runOnlyForDeploymentPostprocessing = 0;
		};
/* End PBXFrameworksBuildPhase section */

/* Begin PBXGroup section */
		0B94E3282A681459008F6D39 /* CharacterCreate */ = {
			isa = PBXGroup;
			children = (
				0B94E3342A690554008F6D39 /* Model */,
				0B94E3292A681459008F6D39 /* View */,
			);
			path = CharacterCreate;
			sourceTree = "<group>";
		};
		0B94E3292A681459008F6D39 /* View */ = {
			isa = PBXGroup;
			children = (
				0B94E3322A681560008F6D39 /* CharacterCreateView.swift */,
			);
			path = View;
			sourceTree = "<group>";
		};
		0B94E3342A690554008F6D39 /* Model */ = {
			isa = PBXGroup;
			children = (
				0B94E3352A690570008F6D39 /* ImageMerger.swift */,
			);
			path = Model;
			sourceTree = "<group>";
		};
		0BE598052A5FD2FC00D019EA /* Extension */ = {
			isa = PBXGroup;
			children = (
				0BE598062A5FD31400D019EA /* ColorExtension.swift */,
				0BE5983C2A62629600D019EA /* FontExtension.swift */,
			);
			path = Extension;
			sourceTree = "<group>";
		};
		0BE598082A5FD47900D019EA /* ButtonStyle */ = {
			isa = PBXGroup;
			children = (
				0B94E3302A681552008F6D39 /* ImageButton.swift */,
				0BE598092A5FD48F00D019EA /* ButtonStyle.swift */,
			);
			path = ButtonStyle;
			sourceTree = "<group>";
		};
		0BE5980C2A5FDE0E00D019EA /* View */ = {
			isa = PBXGroup;
			children = (
				0B94E3282A681459008F6D39 /* CharacterCreate */,
				0BE5980D2A5FDE1D00D019EA /* Onboarding */,
			);
			path = View;
			sourceTree = "<group>";
		};
		0BE5980D2A5FDE1D00D019EA /* Onboarding */ = {
			isa = PBXGroup;
			children = (
				0BE5980E2A5FDE2E00D019EA /* OnBoardingView.swift */,
				0BE598102A5FE3D700D019EA /* OnBoarding2View.swift */,
				0BE598122A5FE3E400D019EA /* OnBoarding3View.swift */,
				0BE598142A5FE6FE00D019EA /* PageTabViewStyle.swift */,
			);
			path = Onboarding;
			sourceTree = "<group>";
		};
		0BE5981B2A60EAB700D019EA /* Fonts */ = {
			isa = PBXGroup;
			children = (
				0BE5982F2A60F3E600D019EA /* TheJamsilOTF1Thin.otf */,
				0BE5982D2A60F3E600D019EA /* TheJamsilOTF2Light.otf */,
				0BE5982E2A60F3E600D019EA /* TheJamsilOTF3Regular.otf */,
				0BE598302A60F3E600D019EA /* TheJamsilOTF4Medium.otf */,
				0BE598312A60F3E600D019EA /* TheJamsilOTF5Bold.otf */,
				0BE5982C2A60F3E600D019EA /* TheJamsilOTF6ExtraBold.otf */,
			);
			path = Fonts;
			sourceTree = "<group>";
		};
		0E94FAB32A5A83AE002A39FB = {
			isa = PBXGroup;
			children = (
				0EAD30222A5C711500E8A548 /* .pre-commit-config.yaml */,
				0EAD30202A5C6FE700E8A548 /* .swiftlint.yml */,
				0E94FABE2A5A83AF002A39FB /* SixTech */,
				0E94FABD2A5A83AE002A39FB /* Products */,
			);
			sourceTree = "<group>";
		};
		0E94FABD2A5A83AE002A39FB /* Products */ = {
			isa = PBXGroup;
			children = (
				0E94FABC2A5A83AE002A39FB /* SixTech.app */,
			);
			name = Products;
			sourceTree = "<group>";
		};
		0E94FABE2A5A83AF002A39FB /* SixTech */ = {
			isa = PBXGroup;
			children = (
				0BE5981B2A60EAB700D019EA /* Fonts */,
				0BE598082A5FD47900D019EA /* ButtonStyle */,
				0BE598052A5FD2FC00D019EA /* Extension */,
				0BE5980C2A5FDE0E00D019EA /* View */,
				0BE5980B2A5FD86F00D019EA /* Info.plist */,
				0E94FABF2A5A83AF002A39FB /* SixTechApp.swift */,
				0E94FAC32A5A83B0002A39FB /* Assets.xcassets */,
				0B94E32E2A6814B9008F6D39 /* onboadingGIF.gif */,
				0E94FAC52A5A83B0002A39FB /* Preview Content */,
			);
			path = SixTech;
			sourceTree = "<group>";
		};
		0E94FAC52A5A83B0002A39FB /* Preview Content */ = {
			isa = PBXGroup;
			children = (
				0E94FAC62A5A83B0002A39FB /* Preview Assets.xcassets */,
			);
			path = "Preview Content";
			sourceTree = "<group>";
		};
/* End PBXGroup section */

/* Begin PBXNativeTarget section */
		0E94FABB2A5A83AE002A39FB /* SixTech */ = {
			isa = PBXNativeTarget;
			buildConfigurationList = 0E94FACA2A5A83B0002A39FB /* Build configuration list for PBXNativeTarget "SixTech" */;
			buildPhases = (
				0E94FAB82A5A83AE002A39FB /* Sources */,
				0E94FAB92A5A83AE002A39FB /* Frameworks */,
				0E94FABA2A5A83AE002A39FB /* Resources */,
				0EAD301E2A5C6F9A00E8A548 /* ShellScript */,
			);
			buildRules = (
			);
			dependencies = (
			);
			name = SixTech;
			packageProductDependencies = (
				0BE598172A5FF23B00D019EA /* SwiftUIGIF */,
			);
			productName = SixTech;
			productReference = 0E94FABC2A5A83AE002A39FB /* SixTech.app */;
			productType = "com.apple.product-type.application";
		};
/* End PBXNativeTarget section */

/* Begin PBXProject section */
		0E94FAB42A5A83AE002A39FB /* Project object */ = {
			isa = PBXProject;
			attributes = {
				BuildIndependentTargetsInParallel = 1;
				LastSwiftUpdateCheck = 1430;
				LastUpgradeCheck = 1430;
				TargetAttributes = {
					0E94FABB2A5A83AE002A39FB = {
						CreatedOnToolsVersion = 14.3.1;
					};
				};
			};
			buildConfigurationList = 0E94FAB72A5A83AE002A39FB /* Build configuration list for PBXProject "SixTech" */;
			compatibilityVersion = "Xcode 14.0";
			developmentRegion = en;
			hasScannedForEncodings = 0;
			knownRegions = (
				en,
				Base,
			);
			mainGroup = 0E94FAB32A5A83AE002A39FB;
			packageReferences = (
				0BE598162A5FF23B00D019EA /* XCRemoteSwiftPackageReference "swiftui-gif" */,
			);
			productRefGroup = 0E94FABD2A5A83AE002A39FB /* Products */;
			projectDirPath = "";
			projectRoot = "";
			targets = (
				0E94FABB2A5A83AE002A39FB /* SixTech */,
			);
		};
/* End PBXProject section */

/* Begin PBXResourcesBuildPhase section */
		0E94FABA2A5A83AE002A39FB /* Resources */ = {
			isa = PBXResourcesBuildPhase;
			buildActionMask = 2147483647;
			files = (
				0EAD30212A5C6FE700E8A548 /* .swiftlint.yml in Resources */,
				0BE598342A60F3E600D019EA /* TheJamsilOTF3Regular.otf in Resources */,
				0E94FAC72A5A83B0002A39FB /* Preview Assets.xcassets in Resources */,
				0EAD30232A5C711500E8A548 /* .pre-commit-config.yaml in Resources */,
				0BE598332A60F3E600D019EA /* TheJamsilOTF2Light.otf in Resources */,
				0BE598352A60F3E600D019EA /* TheJamsilOTF1Thin.otf in Resources */,
				0BE598362A60F3E600D019EA /* TheJamsilOTF4Medium.otf in Resources */,
				0BE598372A60F3E600D019EA /* TheJamsilOTF5Bold.otf in Resources */,
				0BE598322A60F3E600D019EA /* TheJamsilOTF6ExtraBold.otf in Resources */,
				0B94E32F2A6814B9008F6D39 /* onboadingGIF.gif in Resources */,
				0E94FAC42A5A83B0002A39FB /* Assets.xcassets in Resources */,
			);
			runOnlyForDeploymentPostprocessing = 0;
		};
/* End PBXResourcesBuildPhase section */

/* Begin PBXShellScriptBuildPhase section */
		0EAD301E2A5C6F9A00E8A548 /* ShellScript */ = {
			isa = PBXShellScriptBuildPhase;
			buildActionMask = 2147483647;
			files = (
			);
			inputFileListPaths = (
			);
			inputPaths = (
			);
			outputFileListPaths = (
			);
			outputPaths = (
			);
			runOnlyForDeploymentPostprocessing = 0;
			shellPath = /bin/sh;
			shellScript = "# Type a script or drag a script file from your workspace to insert its path.\nif [[ \"$(uname -m)\" == arm64 ]]; then\n    export PATH=\"/opt/homebrew/bin:$PATH\"\nfi\n\nif which swiftlint > /dev/null; then\n  swiftlint\nelse\n  echo \"warning: SwiftLint not installed, download from https://github.com/realm/SwiftLint\"\nfi\n";
		};
/* End PBXShellScriptBuildPhase section */

/* Begin PBXSourcesBuildPhase section */
		0E94FAB82A5A83AE002A39FB /* Sources */ = {
			isa = PBXSourcesBuildPhase;
			buildActionMask = 2147483647;
			files = (
				0BE598112A5FE3D700D019EA /* OnBoarding2View.swift in Sources */,
				0BE598152A5FE6FE00D019EA /* PageTabViewStyle.swift in Sources */,
				0BE598072A5FD31400D019EA /* ColorExtension.swift in Sources */,
				0BE5980A2A5FD48F00D019EA /* ButtonStyle.swift in Sources */,
				0B94E3312A681552008F6D39 /* ImageButton.swift in Sources */,
				0BE598132A5FE3E400D019EA /* OnBoarding3View.swift in Sources */,
				0BE5983D2A62629600D019EA /* FontExtension.swift in Sources */,
				0BE5980F2A5FDE2E00D019EA /* OnBoardingView.swift in Sources */,
				0B94E3332A681560008F6D39 /* CharacterCreateView.swift in Sources */,
				0E94FAC02A5A83AF002A39FB /* SixTechApp.swift in Sources */,
				0B94E3362A690570008F6D39 /* ImageMerger.swift in Sources */,
			);
			runOnlyForDeploymentPostprocessing = 0;
		};
/* End PBXSourcesBuildPhase section */

/* Begin XCBuildConfiguration section */
		0E94FAC82A5A83B0002A39FB /* Debug */ = {
			isa = XCBuildConfiguration;
			buildSettings = {
				ALWAYS_SEARCH_USER_PATHS = NO;
				CLANG_ANALYZER_NONNULL = YES;
				CLANG_ANALYZER_NUMBER_OBJECT_CONVERSION = YES_AGGRESSIVE;
				CLANG_CXX_LANGUAGE_STANDARD = "gnu++20";
				CLANG_ENABLE_MODULES = YES;
				CLANG_ENABLE_OBJC_ARC = YES;
				CLANG_ENABLE_OBJC_WEAK = YES;
				CLANG_WARN_BLOCK_CAPTURE_AUTORELEASING = YES;
				CLANG_WARN_BOOL_CONVERSION = YES;
				CLANG_WARN_COMMA = YES;
				CLANG_WARN_CONSTANT_CONVERSION = YES;
				CLANG_WARN_DEPRECATED_OBJC_IMPLEMENTATIONS = YES;
				CLANG_WARN_DIRECT_OBJC_ISA_USAGE = YES_ERROR;
				CLANG_WARN_DOCUMENTATION_COMMENTS = YES;
				CLANG_WARN_EMPTY_BODY = YES;
				CLANG_WARN_ENUM_CONVERSION = YES;
				CLANG_WARN_INFINITE_RECURSION = YES;
				CLANG_WARN_INT_CONVERSION = YES;
				CLANG_WARN_NON_LITERAL_NULL_CONVERSION = YES;
				CLANG_WARN_OBJC_IMPLICIT_RETAIN_SELF = YES;
				CLANG_WARN_OBJC_LITERAL_CONVERSION = YES;
				CLANG_WARN_OBJC_ROOT_CLASS = YES_ERROR;
				CLANG_WARN_QUOTED_INCLUDE_IN_FRAMEWORK_HEADER = YES;
				CLANG_WARN_RANGE_LOOP_ANALYSIS = YES;
				CLANG_WARN_STRICT_PROTOTYPES = YES;
				CLANG_WARN_SUSPICIOUS_MOVE = YES;
				CLANG_WARN_UNGUARDED_AVAILABILITY = YES_AGGRESSIVE;
				CLANG_WARN_UNREACHABLE_CODE = YES;
				CLANG_WARN__DUPLICATE_METHOD_MATCH = YES;
				COPY_PHASE_STRIP = NO;
				DEBUG_INFORMATION_FORMAT = dwarf;
				ENABLE_STRICT_OBJC_MSGSEND = YES;
				ENABLE_TESTABILITY = YES;
				GCC_C_LANGUAGE_STANDARD = gnu11;
				GCC_DYNAMIC_NO_PIC = NO;
				GCC_NO_COMMON_BLOCKS = YES;
				GCC_OPTIMIZATION_LEVEL = 0;
				GCC_PREPROCESSOR_DEFINITIONS = (
					"DEBUG=1",
					"$(inherited)",
				);
				GCC_WARN_64_TO_32_BIT_CONVERSION = YES;
				GCC_WARN_ABOUT_RETURN_TYPE = YES_ERROR;
				GCC_WARN_UNDECLARED_SELECTOR = YES;
				GCC_WARN_UNINITIALIZED_AUTOS = YES_AGGRESSIVE;
				GCC_WARN_UNUSED_FUNCTION = YES;
				GCC_WARN_UNUSED_VARIABLE = YES;
				IPHONEOS_DEPLOYMENT_TARGET = 16.4;
				MTL_ENABLE_DEBUG_INFO = INCLUDE_SOURCE;
				MTL_FAST_MATH = YES;
				ONLY_ACTIVE_ARCH = YES;
				SDKROOT = iphoneos;
				SWIFT_ACTIVE_COMPILATION_CONDITIONS = DEBUG;
				SWIFT_OPTIMIZATION_LEVEL = "-Onone";
			};
			name = Debug;
		};
		0E94FAC92A5A83B0002A39FB /* Release */ = {
			isa = XCBuildConfiguration;
			buildSettings = {
				ALWAYS_SEARCH_USER_PATHS = NO;
				CLANG_ANALYZER_NONNULL = YES;
				CLANG_ANALYZER_NUMBER_OBJECT_CONVERSION = YES_AGGRESSIVE;
				CLANG_CXX_LANGUAGE_STANDARD = "gnu++20";
				CLANG_ENABLE_MODULES = YES;
				CLANG_ENABLE_OBJC_ARC = YES;
				CLANG_ENABLE_OBJC_WEAK = YES;
				CLANG_WARN_BLOCK_CAPTURE_AUTORELEASING = YES;
				CLANG_WARN_BOOL_CONVERSION = YES;
				CLANG_WARN_COMMA = YES;
				CLANG_WARN_CONSTANT_CONVERSION = YES;
				CLANG_WARN_DEPRECATED_OBJC_IMPLEMENTATIONS = YES;
				CLANG_WARN_DIRECT_OBJC_ISA_USAGE = YES_ERROR;
				CLANG_WARN_DOCUMENTATION_COMMENTS = YES;
				CLANG_WARN_EMPTY_BODY = YES;
				CLANG_WARN_ENUM_CONVERSION = YES;
				CLANG_WARN_INFINITE_RECURSION = YES;
				CLANG_WARN_INT_CONVERSION = YES;
				CLANG_WARN_NON_LITERAL_NULL_CONVERSION = YES;
				CLANG_WARN_OBJC_IMPLICIT_RETAIN_SELF = YES;
				CLANG_WARN_OBJC_LITERAL_CONVERSION = YES;
				CLANG_WARN_OBJC_ROOT_CLASS = YES_ERROR;
				CLANG_WARN_QUOTED_INCLUDE_IN_FRAMEWORK_HEADER = YES;
				CLANG_WARN_RANGE_LOOP_ANALYSIS = YES;
				CLANG_WARN_STRICT_PROTOTYPES = YES;
				CLANG_WARN_SUSPICIOUS_MOVE = YES;
				CLANG_WARN_UNGUARDED_AVAILABILITY = YES_AGGRESSIVE;
				CLANG_WARN_UNREACHABLE_CODE = YES;
				CLANG_WARN__DUPLICATE_METHOD_MATCH = YES;
				COPY_PHASE_STRIP = NO;
				DEBUG_INFORMATION_FORMAT = "dwarf-with-dsym";
				ENABLE_NS_ASSERTIONS = NO;
				ENABLE_STRICT_OBJC_MSGSEND = YES;
				GCC_C_LANGUAGE_STANDARD = gnu11;
				GCC_NO_COMMON_BLOCKS = YES;
				GCC_WARN_64_TO_32_BIT_CONVERSION = YES;
				GCC_WARN_ABOUT_RETURN_TYPE = YES_ERROR;
				GCC_WARN_UNDECLARED_SELECTOR = YES;
				GCC_WARN_UNINITIALIZED_AUTOS = YES_AGGRESSIVE;
				GCC_WARN_UNUSED_FUNCTION = YES;
				GCC_WARN_UNUSED_VARIABLE = YES;
				IPHONEOS_DEPLOYMENT_TARGET = 16.4;
				MTL_ENABLE_DEBUG_INFO = NO;
				MTL_FAST_MATH = YES;
				SDKROOT = iphoneos;
				SWIFT_COMPILATION_MODE = wholemodule;
				SWIFT_OPTIMIZATION_LEVEL = "-O";
				VALIDATE_PRODUCT = YES;
			};
			name = Release;
		};
		0E94FACB2A5A83B0002A39FB /* Debug */ = {
			isa = XCBuildConfiguration;
			buildSettings = {
				ASSETCATALOG_COMPILER_APPICON_NAME = AppIcon;
				ASSETCATALOG_COMPILER_GLOBAL_ACCENT_COLOR_NAME = AccentColor;
				CODE_SIGN_STYLE = Automatic;
				CURRENT_PROJECT_VERSION = 1;
				DEVELOPMENT_ASSET_PATHS = "\"SixTech/Preview Content\"";
				DEVELOPMENT_TEAM = GSD6RCY68C;
				ENABLE_PREVIEWS = YES;
				GENERATE_INFOPLIST_FILE = YES;
				INFOPLIST_FILE = SixTech/Info.plist;
				INFOPLIST_KEY_UIApplicationSceneManifest_Generation = YES;
				INFOPLIST_KEY_UIApplicationSupportsIndirectInputEvents = YES;
				INFOPLIST_KEY_UISupportedInterfaceOrientations_iPad = "UIInterfaceOrientationPortrait UIInterfaceOrientationPortraitUpsideDown UIInterfaceOrientationLandscapeLeft UIInterfaceOrientationLandscapeRight";
				INFOPLIST_KEY_UISupportedInterfaceOrientations_iPhone = "UIInterfaceOrientationPortrait UIInterfaceOrientationLandscapeLeft UIInterfaceOrientationLandscapeRight";
				LD_RUNPATH_SEARCH_PATHS = (
					"$(inherited)",
					"@executable_path/Frameworks",
				);
				MARKETING_VERSION = 1.0;
				PRODUCT_BUNDLE_IDENTIFIER = LetsFlogging.SixTech;
				PRODUCT_NAME = "$(TARGET_NAME)";
				SWIFT_EMIT_LOC_STRINGS = YES;
				SWIFT_VERSION = 5.0;
				TARGETED_DEVICE_FAMILY = "1,2";
			};
			name = Debug;
		};
		0E94FACC2A5A83B0002A39FB /* Release */ = {
			isa = XCBuildConfiguration;
			buildSettings = {
				ASSETCATALOG_COMPILER_APPICON_NAME = AppIcon;
				ASSETCATALOG_COMPILER_GLOBAL_ACCENT_COLOR_NAME = AccentColor;
				CODE_SIGN_STYLE = Automatic;
				CURRENT_PROJECT_VERSION = 1;
				DEVELOPMENT_ASSET_PATHS = "\"SixTech/Preview Content\"";
				DEVELOPMENT_TEAM = GSD6RCY68C;
				ENABLE_PREVIEWS = YES;
				GENERATE_INFOPLIST_FILE = YES;
				INFOPLIST_FILE = SixTech/Info.plist;
				INFOPLIST_KEY_UIApplicationSceneManifest_Generation = YES;
				INFOPLIST_KEY_UIApplicationSupportsIndirectInputEvents = YES;
				INFOPLIST_KEY_UISupportedInterfaceOrientations_iPad = "UIInterfaceOrientationPortrait UIInterfaceOrientationPortraitUpsideDown UIInterfaceOrientationLandscapeLeft UIInterfaceOrientationLandscapeRight";
				INFOPLIST_KEY_UISupportedInterfaceOrientations_iPhone = "UIInterfaceOrientationPortrait UIInterfaceOrientationLandscapeLeft UIInterfaceOrientationLandscapeRight";
				LD_RUNPATH_SEARCH_PATHS = (
					"$(inherited)",
					"@executable_path/Frameworks",
				);
				MARKETING_VERSION = 1.0;
				PRODUCT_BUNDLE_IDENTIFIER = LetsFlogging.SixTech;
				PRODUCT_NAME = "$(TARGET_NAME)";
				SWIFT_EMIT_LOC_STRINGS = YES;
				SWIFT_VERSION = 5.0;
				TARGETED_DEVICE_FAMILY = "1,2";
			};
			name = Release;
		};
/* End XCBuildConfiguration section */

/* Begin XCConfigurationList section */
		0E94FAB72A5A83AE002A39FB /* Build configuration list for PBXProject "SixTech" */ = {
			isa = XCConfigurationList;
			buildConfigurations = (
				0E94FAC82A5A83B0002A39FB /* Debug */,
				0E94FAC92A5A83B0002A39FB /* Release */,
			);
			defaultConfigurationIsVisible = 0;
			defaultConfigurationName = Release;
		};
		0E94FACA2A5A83B0002A39FB /* Build configuration list for PBXNativeTarget "SixTech" */ = {
			isa = XCConfigurationList;
			buildConfigurations = (
				0E94FACB2A5A83B0002A39FB /* Debug */,
				0E94FACC2A5A83B0002A39FB /* Release */,
			);
			defaultConfigurationIsVisible = 0;
			defaultConfigurationName = Release;
		};
/* End XCConfigurationList section */

/* Begin XCRemoteSwiftPackageReference section */
		0BE598162A5FF23B00D019EA /* XCRemoteSwiftPackageReference "swiftui-gif" */ = {
			isa = XCRemoteSwiftPackageReference;
			repositoryURL = "https://github.com/globulus/swiftui-gif.git";
			requirement = {
				kind = upToNextMajorVersion;
				minimumVersion = 1.0.0;
			};
		};
/* End XCRemoteSwiftPackageReference section */

/* Begin XCSwiftPackageProductDependency section */
		0BE598172A5FF23B00D019EA /* SwiftUIGIF */ = {
			isa = XCSwiftPackageProductDependency;
			package = 0BE598162A5FF23B00D019EA /* XCRemoteSwiftPackageReference "swiftui-gif" */;
			productName = SwiftUIGIF;
		};
/* End XCSwiftPackageProductDependency section */
	};
	rootObject = 0E94FAB42A5A83AE002A39FB /* Project object */;
}
