// !$*UTF8*$!
{
	archiveVersion = 1;
	classes = {
	};
	objectVersion = 56;
	objects = {

/* Begin PBXBuildFile section */
		0BE598182A5FF23B00D019EA /* SwiftUIGIF in Frameworks */ = {isa = PBXBuildFile; productRef = 0BE598172A5FF23B00D019EA /* SwiftUIGIF */; };
		0BE598392A60F9AC00D019EA /* OnboardingGIF.gif in Resources */ = {isa = PBXBuildFile; fileRef = 0BE598382A60F9AC00D019EA /* OnboardingGIF.gif */; };
		0E94FAC02A5A83AF002A39FB /* SixTechApp.swift in Sources */ = {isa = PBXBuildFile; fileRef = 0E94FABF2A5A83AF002A39FB /* SixTechApp.swift */; };
		0E94FAC22A5A83AF002A39FB /* ContentView.swift in Sources */ = {isa = PBXBuildFile; fileRef = 0E94FAC12A5A83AF002A39FB /* ContentView.swift */; };
		0E94FAC42A5A83B0002A39FB /* Assets.xcassets in Resources */ = {isa = PBXBuildFile; fileRef = 0E94FAC32A5A83B0002A39FB /* Assets.xcassets */; };
		0E94FAC72A5A83B0002A39FB /* Preview Assets.xcassets in Resources */ = {isa = PBXBuildFile; fileRef = 0E94FAC62A5A83B0002A39FB /* Preview Assets.xcassets */; };
		0EAD30212A5C6FE700E8A548 /* .swiftlint.yml in Resources */ = {isa = PBXBuildFile; fileRef = 0EAD30202A5C6FE700E8A548 /* .swiftlint.yml */; };
		0EAD30232A5C711500E8A548 /* .pre-commit-config.yaml in Resources */ = {isa = PBXBuildFile; fileRef = 0EAD30222A5C711500E8A548 /* .pre-commit-config.yaml */; };
		0EB41DFA2A70593F002929D9 /* LetPlogWatchApp.swift in Sources */ = {isa = PBXBuildFile; fileRef = 0EB41DF92A70593F002929D9 /* LetPlogWatchApp.swift */; };
		0EB41DFC2A70593F002929D9 /* ContentView.swift in Sources */ = {isa = PBXBuildFile; fileRef = 0EB41DFB2A70593F002929D9 /* ContentView.swift */; };
		0EB41DFE2A705940002929D9 /* Assets.xcassets in Resources */ = {isa = PBXBuildFile; fileRef = 0EB41DFD2A705940002929D9 /* Assets.xcassets */; };
		0EB41E012A705940002929D9 /* Preview Assets.xcassets in Resources */ = {isa = PBXBuildFile; fileRef = 0EB41E002A705940002929D9 /* Preview Assets.xcassets */; };
		0EB41E052A705940002929D9 /* LetPlogWatch Watch App.app in Embed Watch Content */ = {isa = PBXBuildFile; fileRef = 0EB41DF72A70593F002929D9 /* LetPlogWatch Watch App.app */; settings = {ATTRIBUTES = (RemoveHeadersOnCopy, ); }; };
		709C76302A725CFE00C16313 /* ImagePicker.swift in Sources */ = {isa = PBXBuildFile; fileRef = 709C76032A725CFE00C16313 /* ImagePicker.swift */; };
		709C76312A725CFE00C16313 /* ImagePickView.swift in Sources */ = {isa = PBXBuildFile; fileRef = 709C76052A725CFE00C16313 /* ImagePickView.swift */; };
		709C76322A725CFE00C16313 /* PolaroidView.swift in Sources */ = {isa = PBXBuildFile; fileRef = 709C76062A725CFE00C16313 /* PolaroidView.swift */; };
		709C76332A725CFE00C16313 /* CameraViewModel.swift in Sources */ = {isa = PBXBuildFile; fileRef = 709C76092A725CFE00C16313 /* CameraViewModel.swift */; };
		709C76342A725CFE00C16313 /* Camera.swift in Sources */ = {isa = PBXBuildFile; fileRef = 709C760A2A725CFE00C16313 /* Camera.swift */; };
		709C76352A725CFE00C16313 /* CameraView.swift in Sources */ = {isa = PBXBuildFile; fileRef = 709C760C2A725CFE00C16313 /* CameraView.swift */; };
		709C76362A725CFE00C16313 /* ShareResultView.swift in Sources */ = {isa = PBXBuildFile; fileRef = 709C760F2A725CFE00C16313 /* ShareResultView.swift */; };
		709C76372A725CFE00C16313 /* ImageTabView.swift in Sources */ = {isa = PBXBuildFile; fileRef = 709C76102A725CFE00C16313 /* ImageTabView.swift */; };
		709C76382A725CFE00C16313 /* CharacterCreateViewModel.swift in Sources */ = {isa = PBXBuildFile; fileRef = 709C76132A725CFE00C16313 /* CharacterCreateViewModel.swift */; };
		709C76392A725CFE00C16313 /* ImageMerger.swift in Sources */ = {isa = PBXBuildFile; fileRef = 709C76142A725CFE00C16313 /* ImageMerger.swift */; };
		709C763A2A725CFE00C16313 /* CharacterCreateView.swift in Sources */ = {isa = PBXBuildFile; fileRef = 709C76162A725CFE00C16313 /* CharacterCreateView.swift */; };
		709C763B2A725CFE00C16313 /* Onboarding1View.swift in Sources */ = {isa = PBXBuildFile; fileRef = 709C76182A725CFE00C16313 /* Onboarding1View.swift */; };
		709C763C2A725CFE00C16313 /* PageTabViewStyle.swift in Sources */ = {isa = PBXBuildFile; fileRef = 709C76192A725CFE00C16313 /* PageTabViewStyle.swift */; };
		709C763D2A725CFE00C16313 /* OnBoarding3View.swift in Sources */ = {isa = PBXBuildFile; fileRef = 709C761A2A725CFE00C16313 /* OnBoarding3View.swift */; };
		709C763E2A725CFE00C16313 /* OnBoarding2View.swift in Sources */ = {isa = PBXBuildFile; fileRef = 709C761B2A725CFE00C16313 /* OnBoarding2View.swift */; };
		709C763F2A725CFE00C16313 /* OnBoardingView.swift in Sources */ = {isa = PBXBuildFile; fileRef = 709C761C2A725CFE00C16313 /* OnBoardingView.swift */; };
		709C76402A725CFE00C16313 /* HistoryModel.swift in Sources */ = {isa = PBXBuildFile; fileRef = 709C761E2A725CFE00C16313 /* HistoryModel.swift */; };
		709C76412A725CFE00C16313 /* CoredataTest.swift in Sources */ = {isa = PBXBuildFile; fileRef = 709C761F2A725CFE00C16313 /* CoredataTest.swift */; };
		709C76422A725CFE00C16313 /* history.xcdatamodeld in Sources */ = {isa = PBXBuildFile; fileRef = 709C76202A725CFE00C16313 /* history.xcdatamodeld */; };
		709C76432A725CFE00C16313 /* TheJamsilOTF1Thin.otf in Resources */ = {isa = PBXBuildFile; fileRef = 709C76232A725CFE00C16313 /* TheJamsilOTF1Thin.otf */; };
		709C76442A725CFE00C16313 /* TheJamsilOTF3Regular.otf in Resources */ = {isa = PBXBuildFile; fileRef = 709C76242A725CFE00C16313 /* TheJamsilOTF3Regular.otf */; };
		709C76452A725CFE00C16313 /* TheJamsilOTF5Bold.otf in Resources */ = {isa = PBXBuildFile; fileRef = 709C76252A725CFE00C16313 /* TheJamsilOTF5Bold.otf */; };
		709C76462A725CFE00C16313 /* TheJamsilOTF4Medium.otf in Resources */ = {isa = PBXBuildFile; fileRef = 709C76262A725CFE00C16313 /* TheJamsilOTF4Medium.otf */; };
		709C76472A725CFE00C16313 /* TheJamsilOTF2Light.otf in Resources */ = {isa = PBXBuildFile; fileRef = 709C76272A725CFE00C16313 /* TheJamsilOTF2Light.otf */; };
		709C76482A725CFE00C16313 /* TheJamsilOTF6ExtraBold.otf in Resources */ = {isa = PBXBuildFile; fileRef = 709C76282A725CFE00C16313 /* TheJamsilOTF6ExtraBold.otf */; };
		709C76492A725CFE00C16313 /* FontExtension.swift in Sources */ = {isa = PBXBuildFile; fileRef = 709C762A2A725CFE00C16313 /* FontExtension.swift */; };
		709C764A2A725CFE00C16313 /* ImageURLExtension.swift in Sources */ = {isa = PBXBuildFile; fileRef = 709C762B2A725CFE00C16313 /* ImageURLExtension.swift */; };
		709C764B2A725CFE00C16313 /* ColorExtension.swift in Sources */ = {isa = PBXBuildFile; fileRef = 709C762C2A725CFE00C16313 /* ColorExtension.swift */; };
		709C764C2A725CFE00C16313 /* ImageButton.swift in Sources */ = {isa = PBXBuildFile; fileRef = 709C762E2A725CFE00C16313 /* ImageButton.swift */; };
		709C764D2A725CFE00C16313 /* ButtonStyle.swift in Sources */ = {isa = PBXBuildFile; fileRef = 709C762F2A725CFE00C16313 /* ButtonStyle.swift */; };
		709C76502A725E7000C16313 /* ViewExtension.swift in Sources */ = {isa = PBXBuildFile; fileRef = 709C764E2A725E7000C16313 /* ViewExtension.swift */; };
		709C76512A725E7000C16313 /* UIViewExtension.swift in Sources */ = {isa = PBXBuildFile; fileRef = 709C764F2A725E7000C16313 /* UIViewExtension.swift */; };
		709C76562A725EB200C16313 /* User.xcdatamodeld in Sources */ = {isa = PBXBuildFile; fileRef = 709C76542A725EB200C16313 /* User.xcdatamodeld */; };
		709C76742A725EDF00C16313 /* PlayView.swift in Sources */ = {isa = PBXBuildFile; fileRef = 709C76582A725EDE00C16313 /* PlayView.swift */; };
		709C76752A725EDF00C16313 /* EngagementView.swift in Sources */ = {isa = PBXBuildFile; fileRef = 709C76592A725EDE00C16313 /* EngagementView.swift */; };
		709C76762A725EDF00C16313 /* MyprofileView.swift in Sources */ = {isa = PBXBuildFile; fileRef = 709C765A2A725EDE00C16313 /* MyprofileView.swift */; };
		709C76772A725EDF00C16313 /* TestView.swift in Sources */ = {isa = PBXBuildFile; fileRef = 709C765B2A725EDE00C16313 /* TestView.swift */; };
		709C76782A725EDF00C16313 /* 캘린더.swift in Sources */ = {isa = PBXBuildFile; fileRef = 709C765C2A725EDE00C16313 /* 캘린더.swift */; };
		709C76792A725EDF00C16313 /* MyHistoryView.swift in Sources */ = {isa = PBXBuildFile; fileRef = 709C765D2A725EDE00C16313 /* MyHistoryView.swift */; };
		709C767A2A725EDF00C16313 /* WaitingRoomView.swift in Sources */ = {isa = PBXBuildFile; fileRef = 709C765E2A725EDE00C16313 /* WaitingRoomView.swift */; };
		709C767B2A725EDF00C16313 /* MatchManager.swift in Sources */ = {isa = PBXBuildFile; fileRef = 709C76602A725EDE00C16313 /* MatchManager.swift */; };
		709C767C2A725EDF00C16313 /* CustomMatchingViewController.swift in Sources */ = {isa = PBXBuildFile; fileRef = 709C76612A725EDE00C16313 /* CustomMatchingViewController.swift */; };
		709C767D2A725EDF00C16313 /* MainView.swift in Sources */ = {isa = PBXBuildFile; fileRef = 709C76622A725EDE00C16313 /* MainView.swift */; };
		709C767E2A725EDF00C16313 /* CreateRoomView.swift in Sources */ = {isa = PBXBuildFile; fileRef = 709C76632A725EDE00C16313 /* CreateRoomView.swift */; };
		709C767F2A725EDF00C16313 /* CustomAlert.swift in Sources */ = {isa = PBXBuildFile; fileRef = 709C76642A725EDE00C16313 /* CustomAlert.swift */; };
		709C76802A725EDF00C16313 /* DismissButton.swift in Sources */ = {isa = PBXBuildFile; fileRef = 709C76652A725EDE00C16313 /* DismissButton.swift */; };
		709C76812A725EDF00C16313 /* InfoView.swift in Sources */ = {isa = PBXBuildFile; fileRef = 709C76682A725EDF00C16313 /* InfoView.swift */; };
		709C76822A725EDF00C16313 /* TestPhotoView.swift in Sources */ = {isa = PBXBuildFile; fileRef = 709C76692A725EDF00C16313 /* TestPhotoView.swift */; };
		709C76832A725EDF00C16313 /* MapView.swift in Sources */ = {isa = PBXBuildFile; fileRef = 709C766A2A725EDF00C16313 /* MapView.swift */; };
		709C76842A725EDF00C16313 /* MapUI.swift in Sources */ = {isa = PBXBuildFile; fileRef = 709C766B2A725EDF00C16313 /* MapUI.swift */; };
		709C76852A725EDF00C16313 /* RectangleView.swift in Sources */ = {isa = PBXBuildFile; fileRef = 709C766C2A725EDF00C16313 /* RectangleView.swift */; };
		709C76862A725EDF00C16313 /* SnapshotManager.swift in Sources */ = {isa = PBXBuildFile; fileRef = 709C766E2A725EDF00C16313 /* SnapshotManager.swift */; };
		709C76872A725EDF00C16313 /* LocationManager.swift in Sources */ = {isa = PBXBuildFile; fileRef = 709C766F2A725EDF00C16313 /* LocationManager.swift */; };
		709C76882A725EDF00C16313 /* MKPolyline+Coordinates.swift in Sources */ = {isa = PBXBuildFile; fileRef = 709C76712A725EDF00C16313 /* MKPolyline+Coordinates.swift */; };
		709C76892A725EDF00C16313 /* ImageAnnotationView.swift in Sources */ = {isa = PBXBuildFile; fileRef = 709C76732A725EDF00C16313 /* ImageAnnotationView.swift */; };
/* End PBXBuildFile section */

/* Begin PBXContainerItemProxy section */
		0EB41E022A705940002929D9 /* PBXContainerItemProxy */ = {
			isa = PBXContainerItemProxy;
			containerPortal = 0E94FAB42A5A83AE002A39FB /* Project object */;
			proxyType = 1;
			remoteGlobalIDString = 0EB41DF62A70593F002929D9;
			remoteInfo = "LetPlogWatch Watch App";
		};
/* End PBXContainerItemProxy section */

/* Begin PBXCopyFilesBuildPhase section */
		0EB41E042A705940002929D9 /* Embed Watch Content */ = {
			isa = PBXCopyFilesBuildPhase;
			buildActionMask = 2147483647;
			dstPath = "$(CONTENTS_FOLDER_PATH)/Watch";
			dstSubfolderSpec = 16;
			files = (
				0EB41E052A705940002929D9 /* LetPlogWatch Watch App.app in Embed Watch Content */,
			);
			name = "Embed Watch Content";
			runOnlyForDeploymentPostprocessing = 0;
		};
/* End PBXCopyFilesBuildPhase section */

/* Begin PBXFileReference section */
		0BE5980B2A5FD86F00D019EA /* Info.plist */ = {isa = PBXFileReference; lastKnownFileType = text.plist; path = Info.plist; sourceTree = "<group>"; };
		0BE598382A60F9AC00D019EA /* OnboardingGIF.gif */ = {isa = PBXFileReference; lastKnownFileType = image.gif; path = OnboardingGIF.gif; sourceTree = "<group>"; };
		0E94FABC2A5A83AE002A39FB /* SixTech.app */ = {isa = PBXFileReference; explicitFileType = wrapper.application; includeInIndex = 0; path = SixTech.app; sourceTree = BUILT_PRODUCTS_DIR; };
		0E94FABF2A5A83AF002A39FB /* SixTechApp.swift */ = {isa = PBXFileReference; lastKnownFileType = sourcecode.swift; path = SixTechApp.swift; sourceTree = "<group>"; };
		0E94FAC12A5A83AF002A39FB /* ContentView.swift */ = {isa = PBXFileReference; lastKnownFileType = sourcecode.swift; path = ContentView.swift; sourceTree = "<group>"; };
		0E94FAC32A5A83B0002A39FB /* Assets.xcassets */ = {isa = PBXFileReference; lastKnownFileType = folder.assetcatalog; path = Assets.xcassets; sourceTree = "<group>"; };
		0E94FAC62A5A83B0002A39FB /* Preview Assets.xcassets */ = {isa = PBXFileReference; lastKnownFileType = folder.assetcatalog; path = "Preview Assets.xcassets"; sourceTree = "<group>"; };
		0EAD30202A5C6FE700E8A548 /* .swiftlint.yml */ = {isa = PBXFileReference; lastKnownFileType = text.yaml; path = .swiftlint.yml; sourceTree = "<group>"; };
		0EAD30222A5C711500E8A548 /* .pre-commit-config.yaml */ = {isa = PBXFileReference; lastKnownFileType = text.yaml; path = ".pre-commit-config.yaml"; sourceTree = "<group>"; };
		0EB41DF72A70593F002929D9 /* LetPlogWatch Watch App.app */ = {isa = PBXFileReference; explicitFileType = wrapper.application; includeInIndex = 0; path = "LetPlogWatch Watch App.app"; sourceTree = BUILT_PRODUCTS_DIR; };
		0EB41DF92A70593F002929D9 /* LetPlogWatchApp.swift */ = {isa = PBXFileReference; lastKnownFileType = sourcecode.swift; path = LetPlogWatchApp.swift; sourceTree = "<group>"; };
		0EB41DFB2A70593F002929D9 /* ContentView.swift */ = {isa = PBXFileReference; lastKnownFileType = sourcecode.swift; path = ContentView.swift; sourceTree = "<group>"; };
		0EB41DFD2A705940002929D9 /* Assets.xcassets */ = {isa = PBXFileReference; lastKnownFileType = folder.assetcatalog; path = Assets.xcassets; sourceTree = "<group>"; };
		0EB41E002A705940002929D9 /* Preview Assets.xcassets */ = {isa = PBXFileReference; lastKnownFileType = folder.assetcatalog; path = "Preview Assets.xcassets"; sourceTree = "<group>"; };
		709C76032A725CFE00C16313 /* ImagePicker.swift */ = {isa = PBXFileReference; fileEncoding = 4; lastKnownFileType = sourcecode.swift; path = ImagePicker.swift; sourceTree = "<group>"; };
		709C76052A725CFE00C16313 /* ImagePickView.swift */ = {isa = PBXFileReference; fileEncoding = 4; lastKnownFileType = sourcecode.swift; path = ImagePickView.swift; sourceTree = "<group>"; };
		709C76062A725CFE00C16313 /* PolaroidView.swift */ = {isa = PBXFileReference; fileEncoding = 4; lastKnownFileType = sourcecode.swift; path = PolaroidView.swift; sourceTree = "<group>"; };
		709C76092A725CFE00C16313 /* CameraViewModel.swift */ = {isa = PBXFileReference; fileEncoding = 4; lastKnownFileType = sourcecode.swift; path = CameraViewModel.swift; sourceTree = "<group>"; };
		709C760A2A725CFE00C16313 /* Camera.swift */ = {isa = PBXFileReference; fileEncoding = 4; lastKnownFileType = sourcecode.swift; path = Camera.swift; sourceTree = "<group>"; };
		709C760C2A725CFE00C16313 /* CameraView.swift */ = {isa = PBXFileReference; fileEncoding = 4; lastKnownFileType = sourcecode.swift; path = CameraView.swift; sourceTree = "<group>"; };
		709C760F2A725CFE00C16313 /* ShareResultView.swift */ = {isa = PBXFileReference; fileEncoding = 4; lastKnownFileType = sourcecode.swift; path = ShareResultView.swift; sourceTree = "<group>"; };
		709C76102A725CFE00C16313 /* ImageTabView.swift */ = {isa = PBXFileReference; fileEncoding = 4; lastKnownFileType = sourcecode.swift; path = ImageTabView.swift; sourceTree = "<group>"; };
		709C76132A725CFE00C16313 /* CharacterCreateViewModel.swift */ = {isa = PBXFileReference; fileEncoding = 4; lastKnownFileType = sourcecode.swift; path = CharacterCreateViewModel.swift; sourceTree = "<group>"; };
		709C76142A725CFE00C16313 /* ImageMerger.swift */ = {isa = PBXFileReference; fileEncoding = 4; lastKnownFileType = sourcecode.swift; path = ImageMerger.swift; sourceTree = "<group>"; };
		709C76162A725CFE00C16313 /* CharacterCreateView.swift */ = {isa = PBXFileReference; fileEncoding = 4; lastKnownFileType = sourcecode.swift; path = CharacterCreateView.swift; sourceTree = "<group>"; };
		709C76182A725CFE00C16313 /* Onboarding1View.swift */ = {isa = PBXFileReference; fileEncoding = 4; lastKnownFileType = sourcecode.swift; path = Onboarding1View.swift; sourceTree = "<group>"; };
		709C76192A725CFE00C16313 /* PageTabViewStyle.swift */ = {isa = PBXFileReference; fileEncoding = 4; lastKnownFileType = sourcecode.swift; path = PageTabViewStyle.swift; sourceTree = "<group>"; };
		709C761A2A725CFE00C16313 /* OnBoarding3View.swift */ = {isa = PBXFileReference; fileEncoding = 4; lastKnownFileType = sourcecode.swift; path = OnBoarding3View.swift; sourceTree = "<group>"; };
		709C761B2A725CFE00C16313 /* OnBoarding2View.swift */ = {isa = PBXFileReference; fileEncoding = 4; lastKnownFileType = sourcecode.swift; path = OnBoarding2View.swift; sourceTree = "<group>"; };
		709C761C2A725CFE00C16313 /* OnBoardingView.swift */ = {isa = PBXFileReference; fileEncoding = 4; lastKnownFileType = sourcecode.swift; path = OnBoardingView.swift; sourceTree = "<group>"; };
		709C761E2A725CFE00C16313 /* HistoryModel.swift */ = {isa = PBXFileReference; fileEncoding = 4; lastKnownFileType = sourcecode.swift; path = HistoryModel.swift; sourceTree = "<group>"; };
		709C761F2A725CFE00C16313 /* CoredataTest.swift */ = {isa = PBXFileReference; fileEncoding = 4; lastKnownFileType = sourcecode.swift; path = CoredataTest.swift; sourceTree = "<group>"; };
		709C76212A725CFE00C16313 /* history.xcdatamodel */ = {isa = PBXFileReference; lastKnownFileType = wrapper.xcdatamodel; path = history.xcdatamodel; sourceTree = "<group>"; };
		709C76232A725CFE00C16313 /* TheJamsilOTF1Thin.otf */ = {isa = PBXFileReference; lastKnownFileType = file; path = TheJamsilOTF1Thin.otf; sourceTree = "<group>"; };
		709C76242A725CFE00C16313 /* TheJamsilOTF3Regular.otf */ = {isa = PBXFileReference; lastKnownFileType = file; path = TheJamsilOTF3Regular.otf; sourceTree = "<group>"; };
		709C76252A725CFE00C16313 /* TheJamsilOTF5Bold.otf */ = {isa = PBXFileReference; lastKnownFileType = file; path = TheJamsilOTF5Bold.otf; sourceTree = "<group>"; };
		709C76262A725CFE00C16313 /* TheJamsilOTF4Medium.otf */ = {isa = PBXFileReference; lastKnownFileType = file; path = TheJamsilOTF4Medium.otf; sourceTree = "<group>"; };
		709C76272A725CFE00C16313 /* TheJamsilOTF2Light.otf */ = {isa = PBXFileReference; lastKnownFileType = file; path = TheJamsilOTF2Light.otf; sourceTree = "<group>"; };
		709C76282A725CFE00C16313 /* TheJamsilOTF6ExtraBold.otf */ = {isa = PBXFileReference; lastKnownFileType = file; path = TheJamsilOTF6ExtraBold.otf; sourceTree = "<group>"; };
		709C762A2A725CFE00C16313 /* FontExtension.swift */ = {isa = PBXFileReference; fileEncoding = 4; lastKnownFileType = sourcecode.swift; path = FontExtension.swift; sourceTree = "<group>"; };
		709C762B2A725CFE00C16313 /* ImageURLExtension.swift */ = {isa = PBXFileReference; fileEncoding = 4; lastKnownFileType = sourcecode.swift; path = ImageURLExtension.swift; sourceTree = "<group>"; };
		709C762C2A725CFE00C16313 /* ColorExtension.swift */ = {isa = PBXFileReference; fileEncoding = 4; lastKnownFileType = sourcecode.swift; path = ColorExtension.swift; sourceTree = "<group>"; };
		709C762E2A725CFE00C16313 /* ImageButton.swift */ = {isa = PBXFileReference; fileEncoding = 4; lastKnownFileType = sourcecode.swift; path = ImageButton.swift; sourceTree = "<group>"; };
		709C762F2A725CFE00C16313 /* ButtonStyle.swift */ = {isa = PBXFileReference; fileEncoding = 4; lastKnownFileType = sourcecode.swift; path = ButtonStyle.swift; sourceTree = "<group>"; };
		709C764E2A725E7000C16313 /* ViewExtension.swift */ = {isa = PBXFileReference; fileEncoding = 4; lastKnownFileType = sourcecode.swift; path = ViewExtension.swift; sourceTree = "<group>"; };
		709C764F2A725E7000C16313 /* UIViewExtension.swift */ = {isa = PBXFileReference; fileEncoding = 4; lastKnownFileType = sourcecode.swift; path = UIViewExtension.swift; sourceTree = "<group>"; };
		709C76522A725E8700C16313 /* SixTech.entitlements */ = {isa = PBXFileReference; lastKnownFileType = text.plist.entitlements; name = SixTech.entitlements; path = SixTech/SixTech.entitlements; sourceTree = "<group>"; };
		709C76552A725EB200C16313 /* User.xcdatamodel */ = {isa = PBXFileReference; lastKnownFileType = wrapper.xcdatamodel; path = User.xcdatamodel; sourceTree = "<group>"; };
		709C76582A725EDE00C16313 /* PlayView.swift */ = {isa = PBXFileReference; fileEncoding = 4; lastKnownFileType = sourcecode.swift; path = PlayView.swift; sourceTree = "<group>"; };
		709C76592A725EDE00C16313 /* EngagementView.swift */ = {isa = PBXFileReference; fileEncoding = 4; lastKnownFileType = sourcecode.swift; path = EngagementView.swift; sourceTree = "<group>"; };
		709C765A2A725EDE00C16313 /* MyprofileView.swift */ = {isa = PBXFileReference; fileEncoding = 4; lastKnownFileType = sourcecode.swift; path = MyprofileView.swift; sourceTree = "<group>"; };
		709C765B2A725EDE00C16313 /* TestView.swift */ = {isa = PBXFileReference; fileEncoding = 4; lastKnownFileType = sourcecode.swift; path = TestView.swift; sourceTree = "<group>"; };
		709C765C2A725EDE00C16313 /* 캘린더.swift */ = {isa = PBXFileReference; fileEncoding = 4; lastKnownFileType = sourcecode.swift; path = "캘린더.swift"; sourceTree = "<group>"; };
		709C765D2A725EDE00C16313 /* MyHistoryView.swift */ = {isa = PBXFileReference; fileEncoding = 4; lastKnownFileType = sourcecode.swift; path = MyHistoryView.swift; sourceTree = "<group>"; };
		709C765E2A725EDE00C16313 /* WaitingRoomView.swift */ = {isa = PBXFileReference; fileEncoding = 4; lastKnownFileType = sourcecode.swift; path = WaitingRoomView.swift; sourceTree = "<group>"; };
		709C76602A725EDE00C16313 /* MatchManager.swift */ = {isa = PBXFileReference; fileEncoding = 4; lastKnownFileType = sourcecode.swift; path = MatchManager.swift; sourceTree = "<group>"; };
		709C76612A725EDE00C16313 /* CustomMatchingViewController.swift */ = {isa = PBXFileReference; fileEncoding = 4; lastKnownFileType = sourcecode.swift; path = CustomMatchingViewController.swift; sourceTree = "<group>"; };
		709C76622A725EDE00C16313 /* MainView.swift */ = {isa = PBXFileReference; fileEncoding = 4; lastKnownFileType = sourcecode.swift; path = MainView.swift; sourceTree = "<group>"; };
		709C76632A725EDE00C16313 /* CreateRoomView.swift */ = {isa = PBXFileReference; fileEncoding = 4; lastKnownFileType = sourcecode.swift; path = CreateRoomView.swift; sourceTree = "<group>"; };
		709C76642A725EDE00C16313 /* CustomAlert.swift */ = {isa = PBXFileReference; fileEncoding = 4; lastKnownFileType = sourcecode.swift; path = CustomAlert.swift; sourceTree = "<group>"; };
		709C76652A725EDE00C16313 /* DismissButton.swift */ = {isa = PBXFileReference; fileEncoding = 4; lastKnownFileType = sourcecode.swift; path = DismissButton.swift; sourceTree = "<group>"; };
		709C76682A725EDF00C16313 /* InfoView.swift */ = {isa = PBXFileReference; fileEncoding = 4; lastKnownFileType = sourcecode.swift; path = InfoView.swift; sourceTree = "<group>"; };
		709C76692A725EDF00C16313 /* TestPhotoView.swift */ = {isa = PBXFileReference; fileEncoding = 4; lastKnownFileType = sourcecode.swift; path = TestPhotoView.swift; sourceTree = "<group>"; };
		709C766A2A725EDF00C16313 /* MapView.swift */ = {isa = PBXFileReference; fileEncoding = 4; lastKnownFileType = sourcecode.swift; path = MapView.swift; sourceTree = "<group>"; };
		709C766B2A725EDF00C16313 /* MapUI.swift */ = {isa = PBXFileReference; fileEncoding = 4; lastKnownFileType = sourcecode.swift; path = MapUI.swift; sourceTree = "<group>"; };
		709C766C2A725EDF00C16313 /* RectangleView.swift */ = {isa = PBXFileReference; fileEncoding = 4; lastKnownFileType = sourcecode.swift; path = RectangleView.swift; sourceTree = "<group>"; };
		709C766E2A725EDF00C16313 /* SnapshotManager.swift */ = {isa = PBXFileReference; fileEncoding = 4; lastKnownFileType = sourcecode.swift; path = SnapshotManager.swift; sourceTree = "<group>"; };
		709C766F2A725EDF00C16313 /* LocationManager.swift */ = {isa = PBXFileReference; fileEncoding = 4; lastKnownFileType = sourcecode.swift; path = LocationManager.swift; sourceTree = "<group>"; };
		709C76712A725EDF00C16313 /* MKPolyline+Coordinates.swift */ = {isa = PBXFileReference; fileEncoding = 4; lastKnownFileType = sourcecode.swift; path = "MKPolyline+Coordinates.swift"; sourceTree = "<group>"; };
		709C76732A725EDF00C16313 /* ImageAnnotationView.swift */ = {isa = PBXFileReference; fileEncoding = 4; lastKnownFileType = sourcecode.swift; path = ImageAnnotationView.swift; sourceTree = "<group>"; };
/* End PBXFileReference section */

/* Begin PBXFrameworksBuildPhase section */
		0E94FAB92A5A83AE002A39FB /* Frameworks */ = {
			isa = PBXFrameworksBuildPhase;
			buildActionMask = 2147483647;
			files = (
				0BE598182A5FF23B00D019EA /* SwiftUIGIF in Frameworks */,
			);
			runOnlyForDeploymentPostprocessing = 0;
		};
		0EB41DF42A70593F002929D9 /* Frameworks */ = {
			isa = PBXFrameworksBuildPhase;
			buildActionMask = 2147483647;
			files = (
			);
			runOnlyForDeploymentPostprocessing = 0;
		};
/* End PBXFrameworksBuildPhase section */

/* Begin PBXGroup section */
		0E94FAB32A5A83AE002A39FB = {
			isa = PBXGroup;
			children = (
				0EAD30222A5C711500E8A548 /* .pre-commit-config.yaml */,
				0EAD30202A5C6FE700E8A548 /* .swiftlint.yml */,
				709C76522A725E8700C16313 /* SixTech.entitlements */,
				0E94FABE2A5A83AF002A39FB /* SixTech */,
				0EB41DF82A70593F002929D9 /* LetPlogWatch Watch App */,
				0E94FABD2A5A83AE002A39FB /* Products */,
			);
			sourceTree = "<group>";
		};
		0E94FABD2A5A83AE002A39FB /* Products */ = {
			isa = PBXGroup;
			children = (
				0E94FABC2A5A83AE002A39FB /* SixTech.app */,
				0EB41DF72A70593F002929D9 /* LetPlogWatch Watch App.app */,
			);
			name = Products;
			sourceTree = "<group>";
		};
		0E94FABE2A5A83AF002A39FB /* SixTech */ = {
			isa = PBXGroup;
			children = (
				0E94FABF2A5A83AF002A39FB /* SixTechApp.swift */,
				0E94FAC12A5A83AF002A39FB /* ContentView.swift */,
				709C762D2A725CFE00C16313 /* ButtonStyle */,
				709C761D2A725CFE00C16313 /* Coredata */,
				709C76292A725CFE00C16313 /* Extension */,
				709C76222A725CFE00C16313 /* Fonts */,
				709C76002A725CFE00C16313 /* View */,
				709C76532A725EB200C16313 /* UserMdoel */,
				709C76572A725EDE00C16313 /* JerryTest */,
				709C76662A725EDF00C16313 /* Map */,
				0E94FAC32A5A83B0002A39FB /* Assets.xcassets */,
				0BE598382A60F9AC00D019EA /* OnboardingGIF.gif */,
				0BE5980B2A5FD86F00D019EA /* Info.plist */,
				0E94FAC52A5A83B0002A39FB /* Preview Content */,
			);
			path = SixTech;
			sourceTree = "<group>";
		};
		0E94FAC52A5A83B0002A39FB /* Preview Content */ = {
			isa = PBXGroup;
			children = (
				0E94FAC62A5A83B0002A39FB /* Preview Assets.xcassets */,
			);
			path = "Preview Content";
			sourceTree = "<group>";
		};
		0EB41DF82A70593F002929D9 /* LetPlogWatch Watch App */ = {
			isa = PBXGroup;
			children = (
				0EB41DF92A70593F002929D9 /* LetPlogWatchApp.swift */,
				0EB41DFB2A70593F002929D9 /* ContentView.swift */,
				0EB41DFD2A705940002929D9 /* Assets.xcassets */,
				0EB41DFF2A705940002929D9 /* Preview Content */,
			);
			path = "LetPlogWatch Watch App";
			sourceTree = "<group>";
		};
		0EB41DFF2A705940002929D9 /* Preview Content */ = {
			isa = PBXGroup;
			children = (
				0EB41E002A705940002929D9 /* Preview Assets.xcassets */,
			);
			path = "Preview Content";
			sourceTree = "<group>";
		};
		709C76002A725CFE00C16313 /* View */ = {
			isa = PBXGroup;
			children = (
				709C76012A725CFE00C16313 /* ImagePicker */,
				709C76072A725CFE00C16313 /* CameraFilter */,
				709C760D2A725CFE00C16313 /* ShareResult */,
				709C76112A725CFE00C16313 /* CharacterCreate */,
				709C76172A725CFE00C16313 /* Onboarding */,
			);
			path = View;
			sourceTree = "<group>";
		};
		709C76012A725CFE00C16313 /* ImagePicker */ = {
			isa = PBXGroup;
			children = (
				709C76022A725CFE00C16313 /* Model */,
				709C76042A725CFE00C16313 /* View */,
			);
			path = ImagePicker;
			sourceTree = "<group>";
		};
		709C76022A725CFE00C16313 /* Model */ = {
			isa = PBXGroup;
			children = (
				709C76032A725CFE00C16313 /* ImagePicker.swift */,
			);
			path = Model;
			sourceTree = "<group>";
		};
		709C76042A725CFE00C16313 /* View */ = {
			isa = PBXGroup;
			children = (
				709C76052A725CFE00C16313 /* ImagePickView.swift */,
				709C76062A725CFE00C16313 /* PolaroidView.swift */,
			);
			path = View;
			sourceTree = "<group>";
		};
		709C76072A725CFE00C16313 /* CameraFilter */ = {
			isa = PBXGroup;
			children = (
				709C76082A725CFE00C16313 /* Model */,
				709C760B2A725CFE00C16313 /* View */,
			);
			path = CameraFilter;
			sourceTree = "<group>";
		};
		709C76082A725CFE00C16313 /* Model */ = {
			isa = PBXGroup;
			children = (
				709C76092A725CFE00C16313 /* CameraViewModel.swift */,
				709C760A2A725CFE00C16313 /* Camera.swift */,
			);
			path = Model;
			sourceTree = "<group>";
		};
		709C760B2A725CFE00C16313 /* View */ = {
			isa = PBXGroup;
			children = (
				709C760C2A725CFE00C16313 /* CameraView.swift */,
			);
			path = View;
			sourceTree = "<group>";
		};
		709C760D2A725CFE00C16313 /* ShareResult */ = {
			isa = PBXGroup;
			children = (
				709C760E2A725CFE00C16313 /* View */,
			);
			path = ShareResult;
			sourceTree = "<group>";
		};
		709C760E2A725CFE00C16313 /* View */ = {
			isa = PBXGroup;
			children = (
				709C760F2A725CFE00C16313 /* ShareResultView.swift */,
				709C76102A725CFE00C16313 /* ImageTabView.swift */,
			);
			path = View;
			sourceTree = "<group>";
		};
		709C76112A725CFE00C16313 /* CharacterCreate */ = {
			isa = PBXGroup;
			children = (
				709C76122A725CFE00C16313 /* Model */,
				709C76152A725CFE00C16313 /* View */,
			);
			path = CharacterCreate;
			sourceTree = "<group>";
		};
		709C76122A725CFE00C16313 /* Model */ = {
			isa = PBXGroup;
			children = (
				709C76132A725CFE00C16313 /* CharacterCreateViewModel.swift */,
				709C76142A725CFE00C16313 /* ImageMerger.swift */,
			);
			path = Model;
			sourceTree = "<group>";
		};
		709C76152A725CFE00C16313 /* View */ = {
			isa = PBXGroup;
			children = (
				709C76162A725CFE00C16313 /* CharacterCreateView.swift */,
			);
			path = View;
			sourceTree = "<group>";
		};
		709C76172A725CFE00C16313 /* Onboarding */ = {
			isa = PBXGroup;
			children = (
				709C76182A725CFE00C16313 /* Onboarding1View.swift */,
				709C76192A725CFE00C16313 /* PageTabViewStyle.swift */,
				709C761A2A725CFE00C16313 /* OnBoarding3View.swift */,
				709C761B2A725CFE00C16313 /* OnBoarding2View.swift */,
				709C761C2A725CFE00C16313 /* OnBoardingView.swift */,
			);
			path = Onboarding;
			sourceTree = "<group>";
		};
		709C761D2A725CFE00C16313 /* Coredata */ = {
			isa = PBXGroup;
			children = (
				709C761E2A725CFE00C16313 /* HistoryModel.swift */,
				709C761F2A725CFE00C16313 /* CoredataTest.swift */,
				709C76202A725CFE00C16313 /* history.xcdatamodeld */,
			);
			path = Coredata;
			sourceTree = "<group>";
		};
		709C76222A725CFE00C16313 /* Fonts */ = {
			isa = PBXGroup;
			children = (
				709C76232A725CFE00C16313 /* TheJamsilOTF1Thin.otf */,
				709C76242A725CFE00C16313 /* TheJamsilOTF3Regular.otf */,
				709C76252A725CFE00C16313 /* TheJamsilOTF5Bold.otf */,
				709C76262A725CFE00C16313 /* TheJamsilOTF4Medium.otf */,
				709C76272A725CFE00C16313 /* TheJamsilOTF2Light.otf */,
				709C76282A725CFE00C16313 /* TheJamsilOTF6ExtraBold.otf */,
			);
			path = Fonts;
			sourceTree = "<group>";
		};
		709C76292A725CFE00C16313 /* Extension */ = {
			isa = PBXGroup;
			children = (
				709C762A2A725CFE00C16313 /* FontExtension.swift */,
				709C762B2A725CFE00C16313 /* ImageURLExtension.swift */,
				709C762C2A725CFE00C16313 /* ColorExtension.swift */,
				709C764F2A725E7000C16313 /* UIViewExtension.swift */,
				709C764E2A725E7000C16313 /* ViewExtension.swift */,
			);
			path = Extension;
			sourceTree = "<group>";
		};
		709C762D2A725CFE00C16313 /* ButtonStyle */ = {
			isa = PBXGroup;
			children = (
				709C762E2A725CFE00C16313 /* ImageButton.swift */,
				709C762F2A725CFE00C16313 /* ButtonStyle.swift */,
			);
			path = ButtonStyle;
			sourceTree = "<group>";
		};
		709C76532A725EB200C16313 /* UserMdoel */ = {
			isa = PBXGroup;
			children = (
				709C76542A725EB200C16313 /* User.xcdatamodeld */,
			);
			path = UserMdoel;
			sourceTree = "<group>";
		};
		709C76572A725EDE00C16313 /* JerryTest */ = {
			isa = PBXGroup;
			children = (
				709C76582A725EDE00C16313 /* PlayView.swift */,
				709C76592A725EDE00C16313 /* EngagementView.swift */,
				709C765A2A725EDE00C16313 /* MyprofileView.swift */,
				709C765B2A725EDE00C16313 /* TestView.swift */,
				709C765C2A725EDE00C16313 /* 캘린더.swift */,
				709C765D2A725EDE00C16313 /* MyHistoryView.swift */,
				709C765E2A725EDE00C16313 /* WaitingRoomView.swift */,
				709C765F2A725EDE00C16313 /* API */,
				709C76622A725EDE00C16313 /* MainView.swift */,
				709C76632A725EDE00C16313 /* CreateRoomView.swift */,
				709C76642A725EDE00C16313 /* CustomAlert.swift */,
				709C76652A725EDE00C16313 /* DismissButton.swift */,
			);
			path = JerryTest;
			sourceTree = "<group>";
		};
		709C765F2A725EDE00C16313 /* API */ = {
			isa = PBXGroup;
			children = (
				709C76602A725EDE00C16313 /* MatchManager.swift */,
				709C76612A725EDE00C16313 /* CustomMatchingViewController.swift */,
			);
			path = API;
			sourceTree = "<group>";
		};
		709C76662A725EDF00C16313 /* Map */ = {
			isa = PBXGroup;
			children = (
				709C76672A725EDF00C16313 /* UI */,
				709C766D2A725EDF00C16313 /* Core */,
				709C76702A725EDF00C16313 /* Extension */,
				709C76722A725EDF00C16313 /* Utilities */,
			);
			path = Map;
			sourceTree = "<group>";
		};
		709C76672A725EDF00C16313 /* UI */ = {
			isa = PBXGroup;
			children = (
				709C76682A725EDF00C16313 /* InfoView.swift */,
				709C76692A725EDF00C16313 /* TestPhotoView.swift */,
				709C766A2A725EDF00C16313 /* MapView.swift */,
				709C766B2A725EDF00C16313 /* MapUI.swift */,
				709C766C2A725EDF00C16313 /* RectangleView.swift */,
			);
			path = UI;
			sourceTree = "<group>";
		};
		709C766D2A725EDF00C16313 /* Core */ = {
			isa = PBXGroup;
			children = (
				709C766E2A725EDF00C16313 /* SnapshotManager.swift */,
				709C766F2A725EDF00C16313 /* LocationManager.swift */,
			);
			path = Core;
			sourceTree = "<group>";
		};
		709C76702A725EDF00C16313 /* Extension */ = {
			isa = PBXGroup;
			children = (
				709C76712A725EDF00C16313 /* MKPolyline+Coordinates.swift */,
			);
			path = Extension;
			sourceTree = "<group>";
		};
		709C76722A725EDF00C16313 /* Utilities */ = {
			isa = PBXGroup;
			children = (
				709C76732A725EDF00C16313 /* ImageAnnotationView.swift */,
			);
			path = Utilities;
			sourceTree = "<group>";
		};
/* End PBXGroup section */

/* Begin PBXNativeTarget section */
		0E94FABB2A5A83AE002A39FB /* SixTech */ = {
			isa = PBXNativeTarget;
			buildConfigurationList = 0E94FACA2A5A83B0002A39FB /* Build configuration list for PBXNativeTarget "SixTech" */;
			buildPhases = (
				0E94FAB82A5A83AE002A39FB /* Sources */,
				0E94FAB92A5A83AE002A39FB /* Frameworks */,
				0E94FABA2A5A83AE002A39FB /* Resources */,
				0EAD301E2A5C6F9A00E8A548 /* ShellScript */,
				0EB41E042A705940002929D9 /* Embed Watch Content */,
			);
			buildRules = (
			);
			dependencies = (
				0EB41E032A705940002929D9 /* PBXTargetDependency */,
			);
			name = SixTech;
			packageProductDependencies = (
				0BE598172A5FF23B00D019EA /* SwiftUIGIF */,
			);
			productName = SixTech;
			productReference = 0E94FABC2A5A83AE002A39FB /* SixTech.app */;
			productType = "com.apple.product-type.application";
		};
		0EB41DF62A70593F002929D9 /* LetPlogWatch Watch App */ = {
			isa = PBXNativeTarget;
			buildConfigurationList = 0EB41E082A705940002929D9 /* Build configuration list for PBXNativeTarget "LetPlogWatch Watch App" */;
			buildPhases = (
				0EB41DF32A70593F002929D9 /* Sources */,
				0EB41DF42A70593F002929D9 /* Frameworks */,
				0EB41DF52A70593F002929D9 /* Resources */,
			);
			buildRules = (
			);
			dependencies = (
			);
			name = "LetPlogWatch Watch App";
			productName = "LetPlogWatch Watch App";
			productReference = 0EB41DF72A70593F002929D9 /* LetPlogWatch Watch App.app */;
			productType = "com.apple.product-type.application";
		};
/* End PBXNativeTarget section */

/* Begin PBXProject section */
		0E94FAB42A5A83AE002A39FB /* Project object */ = {
			isa = PBXProject;
			attributes = {
				BuildIndependentTargetsInParallel = 1;
				LastSwiftUpdateCheck = 1430;
				LastUpgradeCheck = 1430;
				TargetAttributes = {
					0E94FABB2A5A83AE002A39FB = {
						CreatedOnToolsVersion = 14.3.1;
					};
					0EB41DF62A70593F002929D9 = {
						CreatedOnToolsVersion = 14.3.1;
					};
				};
			};
			buildConfigurationList = 0E94FAB72A5A83AE002A39FB /* Build configuration list for PBXProject "SixTech" */;
			compatibilityVersion = "Xcode 14.0";
			developmentRegion = en;
			hasScannedForEncodings = 0;
			knownRegions = (
				en,
				Base,
			);
			mainGroup = 0E94FAB32A5A83AE002A39FB;
			packageReferences = (
				0BE598162A5FF23B00D019EA /* XCRemoteSwiftPackageReference "swiftui-gif" */,
			);
			productRefGroup = 0E94FABD2A5A83AE002A39FB /* Products */;
			projectDirPath = "";
			projectRoot = "";
			targets = (
				0E94FABB2A5A83AE002A39FB /* SixTech */,
				0EB41DF62A70593F002929D9 /* LetPlogWatch Watch App */,
			);
		};
/* End PBXProject section */

/* Begin PBXResourcesBuildPhase section */
		0E94FABA2A5A83AE002A39FB /* Resources */ = {
			isa = PBXResourcesBuildPhase;
			buildActionMask = 2147483647;
			files = (
				709C76432A725CFE00C16313 /* TheJamsilOTF1Thin.otf in Resources */,
				0EAD30212A5C6FE700E8A548 /* .swiftlint.yml in Resources */,
				0E94FAC72A5A83B0002A39FB /* Preview Assets.xcassets in Resources */,
				709C76472A725CFE00C16313 /* TheJamsilOTF2Light.otf in Resources */,
				709C76462A725CFE00C16313 /* TheJamsilOTF4Medium.otf in Resources */,
				0EAD30232A5C711500E8A548 /* .pre-commit-config.yaml in Resources */,
				709C76452A725CFE00C16313 /* TheJamsilOTF5Bold.otf in Resources */,
				709C76482A725CFE00C16313 /* TheJamsilOTF6ExtraBold.otf in Resources */,
				709C76442A725CFE00C16313 /* TheJamsilOTF3Regular.otf in Resources */,
				0BE598392A60F9AC00D019EA /* OnboardingGIF.gif in Resources */,
				0E94FAC42A5A83B0002A39FB /* Assets.xcassets in Resources */,
			);
			runOnlyForDeploymentPostprocessing = 0;
		};
		0EB41DF52A70593F002929D9 /* Resources */ = {
			isa = PBXResourcesBuildPhase;
			buildActionMask = 2147483647;
			files = (
				0EB41E012A705940002929D9 /* Preview Assets.xcassets in Resources */,
				0EB41DFE2A705940002929D9 /* Assets.xcassets in Resources */,
			);
			runOnlyForDeploymentPostprocessing = 0;
		};
/* End PBXResourcesBuildPhase section */

/* Begin PBXShellScriptBuildPhase section */
		0EAD301E2A5C6F9A00E8A548 /* ShellScript */ = {
			isa = PBXShellScriptBuildPhase;
			buildActionMask = 2147483647;
			files = (
			);
			inputFileListPaths = (
			);
			inputPaths = (
			);
			outputFileListPaths = (
			);
			outputPaths = (
			);
			runOnlyForDeploymentPostprocessing = 0;
			shellPath = /bin/sh;
			shellScript = "# Type a script or drag a script file from your workspace to insert its path.\nif [[ \"$(uname -m)\" == arm64 ]]; then\n    export PATH=\"/opt/homebrew/bin:$PATH\"\nfi\n\nif which swiftlint > /dev/null; then\n  swiftlint\nelse\n  echo \"warning: SwiftLint not installed, download from https://github.com/realm/SwiftLint\"\nfi\n";
		};
/* End PBXShellScriptBuildPhase section */

/* Begin PBXSourcesBuildPhase section */
		0E94FAB82A5A83AE002A39FB /* Sources */ = {
			isa = PBXSourcesBuildPhase;
			buildActionMask = 2147483647;
			files = (
				709C76802A725EDF00C16313 /* DismissButton.swift in Sources */,
				709C76762A725EDF00C16313 /* MyprofileView.swift in Sources */,
				709C767D2A725EDF00C16313 /* MainView.swift in Sources */,
				709C76302A725CFE00C16313 /* ImagePicker.swift in Sources */,
				709C767B2A725EDF00C16313 /* MatchManager.swift in Sources */,
				709C763E2A725CFE00C16313 /* OnBoarding2View.swift in Sources */,
				709C763D2A725CFE00C16313 /* OnBoarding3View.swift in Sources */,
				709C76832A725EDF00C16313 /* MapView.swift in Sources */,
				709C76782A725EDF00C16313 /* 캘린더.swift in Sources */,
				709C764B2A725CFE00C16313 /* ColorExtension.swift in Sources */,
				709C763F2A725CFE00C16313 /* OnBoardingView.swift in Sources */,
				709C76862A725EDF00C16313 /* SnapshotManager.swift in Sources */,
				709C76382A725CFE00C16313 /* CharacterCreateViewModel.swift in Sources */,
				0E94FAC22A5A83AF002A39FB /* ContentView.swift in Sources */,
				709C76422A725CFE00C16313 /* history.xcdatamodeld in Sources */,
				709C76882A725EDF00C16313 /* MKPolyline+Coordinates.swift in Sources */,
				709C76322A725CFE00C16313 /* PolaroidView.swift in Sources */,
				709C76502A725E7000C16313 /* ViewExtension.swift in Sources */,
				709C76822A725EDF00C16313 /* TestPhotoView.swift in Sources */,
				709C76752A725EDF00C16313 /* EngagementView.swift in Sources */,
				0E94FAC02A5A83AF002A39FB /* SixTechApp.swift in Sources */,
				709C76412A725CFE00C16313 /* CoredataTest.swift in Sources */,
				709C767A2A725EDF00C16313 /* WaitingRoomView.swift in Sources */,
				709C76792A725EDF00C16313 /* MyHistoryView.swift in Sources */,
				709C767E2A725EDF00C16313 /* CreateRoomView.swift in Sources */,
				709C763B2A725CFE00C16313 /* Onboarding1View.swift in Sources */,
				709C76852A725EDF00C16313 /* RectangleView.swift in Sources */,
				709C763A2A725CFE00C16313 /* CharacterCreateView.swift in Sources */,
				709C764D2A725CFE00C16313 /* ButtonStyle.swift in Sources */,
				709C76392A725CFE00C16313 /* ImageMerger.swift in Sources */,
				709C76562A725EB200C16313 /* User.xcdatamodeld in Sources */,
				709C76812A725EDF00C16313 /* InfoView.swift in Sources */,
				709C76872A725EDF00C16313 /* LocationManager.swift in Sources */,
				709C76892A725EDF00C16313 /* ImageAnnotationView.swift in Sources */,
				709C76372A725CFE00C16313 /* ImageTabView.swift in Sources */,
				709C76742A725EDF00C16313 /* PlayView.swift in Sources */,
				709C76402A725CFE00C16313 /* HistoryModel.swift in Sources */,
				709C76512A725E7000C16313 /* UIViewExtension.swift in Sources */,
				709C76312A725CFE00C16313 /* ImagePickView.swift in Sources */,
				709C76842A725EDF00C16313 /* MapUI.swift in Sources */,
				709C767F2A725EDF00C16313 /* CustomAlert.swift in Sources */,
				709C767C2A725EDF00C16313 /* CustomMatchingViewController.swift in Sources */,
				709C76772A725EDF00C16313 /* TestView.swift in Sources */,
				709C76342A725CFE00C16313 /* Camera.swift in Sources */,
				709C76362A725CFE00C16313 /* ShareResultView.swift in Sources */,
				709C764A2A725CFE00C16313 /* ImageURLExtension.swift in Sources */,
				709C76332A725CFE00C16313 /* CameraViewModel.swift in Sources */,
				709C763C2A725CFE00C16313 /* PageTabViewStyle.swift in Sources */,
				709C764C2A725CFE00C16313 /* ImageButton.swift in Sources */,
				709C76492A725CFE00C16313 /* FontExtension.swift in Sources */,
				709C76352A725CFE00C16313 /* CameraView.swift in Sources */,
			);
			runOnlyForDeploymentPostprocessing = 0;
		};
		0EB41DF32A70593F002929D9 /* Sources */ = {
			isa = PBXSourcesBuildPhase;
			buildActionMask = 2147483647;
			files = (
				0EB41DFC2A70593F002929D9 /* ContentView.swift in Sources */,
				0EB41DFA2A70593F002929D9 /* LetPlogWatchApp.swift in Sources */,
			);
			runOnlyForDeploymentPostprocessing = 0;
		};
/* End PBXSourcesBuildPhase section */

/* Begin PBXTargetDependency section */
		0EB41E032A705940002929D9 /* PBXTargetDependency */ = {
			isa = PBXTargetDependency;
			target = 0EB41DF62A70593F002929D9 /* LetPlogWatch Watch App */;
			targetProxy = 0EB41E022A705940002929D9 /* PBXContainerItemProxy */;
		};
/* End PBXTargetDependency section */

/* Begin XCBuildConfiguration section */
		0E94FAC82A5A83B0002A39FB /* Debug */ = {
			isa = XCBuildConfiguration;
			buildSettings = {
				ALWAYS_SEARCH_USER_PATHS = NO;
				CLANG_ANALYZER_NONNULL = YES;
				CLANG_ANALYZER_NUMBER_OBJECT_CONVERSION = YES_AGGRESSIVE;
				CLANG_CXX_LANGUAGE_STANDARD = "gnu++20";
				CLANG_ENABLE_MODULES = YES;
				CLANG_ENABLE_OBJC_ARC = YES;
				CLANG_ENABLE_OBJC_WEAK = YES;
				CLANG_WARN_BLOCK_CAPTURE_AUTORELEASING = YES;
				CLANG_WARN_BOOL_CONVERSION = YES;
				CLANG_WARN_COMMA = YES;
				CLANG_WARN_CONSTANT_CONVERSION = YES;
				CLANG_WARN_DEPRECATED_OBJC_IMPLEMENTATIONS = YES;
				CLANG_WARN_DIRECT_OBJC_ISA_USAGE = YES_ERROR;
				CLANG_WARN_DOCUMENTATION_COMMENTS = YES;
				CLANG_WARN_EMPTY_BODY = YES;
				CLANG_WARN_ENUM_CONVERSION = YES;
				CLANG_WARN_INFINITE_RECURSION = YES;
				CLANG_WARN_INT_CONVERSION = YES;
				CLANG_WARN_NON_LITERAL_NULL_CONVERSION = YES;
				CLANG_WARN_OBJC_IMPLICIT_RETAIN_SELF = YES;
				CLANG_WARN_OBJC_LITERAL_CONVERSION = YES;
				CLANG_WARN_OBJC_ROOT_CLASS = YES_ERROR;
				CLANG_WARN_QUOTED_INCLUDE_IN_FRAMEWORK_HEADER = YES;
				CLANG_WARN_RANGE_LOOP_ANALYSIS = YES;
				CLANG_WARN_STRICT_PROTOTYPES = YES;
				CLANG_WARN_SUSPICIOUS_MOVE = YES;
				CLANG_WARN_UNGUARDED_AVAILABILITY = YES_AGGRESSIVE;
				CLANG_WARN_UNREACHABLE_CODE = YES;
				CLANG_WARN__DUPLICATE_METHOD_MATCH = YES;
				COPY_PHASE_STRIP = NO;
				DEBUG_INFORMATION_FORMAT = dwarf;
				ENABLE_STRICT_OBJC_MSGSEND = YES;
				ENABLE_TESTABILITY = YES;
				GCC_C_LANGUAGE_STANDARD = gnu11;
				GCC_DYNAMIC_NO_PIC = NO;
				GCC_NO_COMMON_BLOCKS = YES;
				GCC_OPTIMIZATION_LEVEL = 0;
				GCC_PREPROCESSOR_DEFINITIONS = (
					"DEBUG=1",
					"$(inherited)",
				);
				GCC_WARN_64_TO_32_BIT_CONVERSION = YES;
				GCC_WARN_ABOUT_RETURN_TYPE = YES_ERROR;
				GCC_WARN_UNDECLARED_SELECTOR = YES;
				GCC_WARN_UNINITIALIZED_AUTOS = YES_AGGRESSIVE;
				GCC_WARN_UNUSED_FUNCTION = YES;
				GCC_WARN_UNUSED_VARIABLE = YES;
				IPHONEOS_DEPLOYMENT_TARGET = 16.4;
				MTL_ENABLE_DEBUG_INFO = INCLUDE_SOURCE;
				MTL_FAST_MATH = YES;
				ONLY_ACTIVE_ARCH = YES;
				SDKROOT = iphoneos;
				SWIFT_ACTIVE_COMPILATION_CONDITIONS = DEBUG;
				SWIFT_OPTIMIZATION_LEVEL = "-Onone";
			};
			name = Debug;
		};
		0E94FAC92A5A83B0002A39FB /* Release */ = {
			isa = XCBuildConfiguration;
			buildSettings = {
				ALWAYS_SEARCH_USER_PATHS = NO;
				CLANG_ANALYZER_NONNULL = YES;
				CLANG_ANALYZER_NUMBER_OBJECT_CONVERSION = YES_AGGRESSIVE;
				CLANG_CXX_LANGUAGE_STANDARD = "gnu++20";
				CLANG_ENABLE_MODULES = YES;
				CLANG_ENABLE_OBJC_ARC = YES;
				CLANG_ENABLE_OBJC_WEAK = YES;
				CLANG_WARN_BLOCK_CAPTURE_AUTORELEASING = YES;
				CLANG_WARN_BOOL_CONVERSION = YES;
				CLANG_WARN_COMMA = YES;
				CLANG_WARN_CONSTANT_CONVERSION = YES;
				CLANG_WARN_DEPRECATED_OBJC_IMPLEMENTATIONS = YES;
				CLANG_WARN_DIRECT_OBJC_ISA_USAGE = YES_ERROR;
				CLANG_WARN_DOCUMENTATION_COMMENTS = YES;
				CLANG_WARN_EMPTY_BODY = YES;
				CLANG_WARN_ENUM_CONVERSION = YES;
				CLANG_WARN_INFINITE_RECURSION = YES;
				CLANG_WARN_INT_CONVERSION = YES;
				CLANG_WARN_NON_LITERAL_NULL_CONVERSION = YES;
				CLANG_WARN_OBJC_IMPLICIT_RETAIN_SELF = YES;
				CLANG_WARN_OBJC_LITERAL_CONVERSION = YES;
				CLANG_WARN_OBJC_ROOT_CLASS = YES_ERROR;
				CLANG_WARN_QUOTED_INCLUDE_IN_FRAMEWORK_HEADER = YES;
				CLANG_WARN_RANGE_LOOP_ANALYSIS = YES;
				CLANG_WARN_STRICT_PROTOTYPES = YES;
				CLANG_WARN_SUSPICIOUS_MOVE = YES;
				CLANG_WARN_UNGUARDED_AVAILABILITY = YES_AGGRESSIVE;
				CLANG_WARN_UNREACHABLE_CODE = YES;
				CLANG_WARN__DUPLICATE_METHOD_MATCH = YES;
				COPY_PHASE_STRIP = NO;
				DEBUG_INFORMATION_FORMAT = "dwarf-with-dsym";
				ENABLE_NS_ASSERTIONS = NO;
				ENABLE_STRICT_OBJC_MSGSEND = YES;
				GCC_C_LANGUAGE_STANDARD = gnu11;
				GCC_NO_COMMON_BLOCKS = YES;
				GCC_WARN_64_TO_32_BIT_CONVERSION = YES;
				GCC_WARN_ABOUT_RETURN_TYPE = YES_ERROR;
				GCC_WARN_UNDECLARED_SELECTOR = YES;
				GCC_WARN_UNINITIALIZED_AUTOS = YES_AGGRESSIVE;
				GCC_WARN_UNUSED_FUNCTION = YES;
				GCC_WARN_UNUSED_VARIABLE = YES;
				IPHONEOS_DEPLOYMENT_TARGET = 16.4;
				MTL_ENABLE_DEBUG_INFO = NO;
				MTL_FAST_MATH = YES;
				SDKROOT = iphoneos;
				SWIFT_COMPILATION_MODE = wholemodule;
				SWIFT_OPTIMIZATION_LEVEL = "-O";
				VALIDATE_PRODUCT = YES;
			};
			name = Release;
		};
		0E94FACB2A5A83B0002A39FB /* Debug */ = {
			isa = XCBuildConfiguration;
			buildSettings = {
				ALWAYS_EMBED_SWIFT_STANDARD_LIBRARIES = YES;
				ASSETCATALOG_COMPILER_APPICON_NAME = AppIcon;
				ASSETCATALOG_COMPILER_GLOBAL_ACCENT_COLOR_NAME = AccentColor;
				CODE_SIGN_STYLE = Automatic;
				CURRENT_PROJECT_VERSION = 1;
				DEVELOPMENT_ASSET_PATHS = "\"SixTech/Preview Content\"";
				DEVELOPMENT_TEAM = GSD6RCY68C;
				ENABLE_PREVIEWS = YES;
				GENERATE_INFOPLIST_FILE = YES;
				INFOPLIST_FILE = SixTech/Info.plist;
				INFOPLIST_KEY_UIApplicationSceneManifest_Generation = YES;
				INFOPLIST_KEY_UIApplicationSupportsIndirectInputEvents = YES;
				INFOPLIST_KEY_UISupportedInterfaceOrientations_iPad = "UIInterfaceOrientationPortrait UIInterfaceOrientationPortraitUpsideDown UIInterfaceOrientationLandscapeLeft UIInterfaceOrientationLandscapeRight";
				INFOPLIST_KEY_UISupportedInterfaceOrientations_iPhone = "UIInterfaceOrientationPortrait UIInterfaceOrientationLandscapeLeft UIInterfaceOrientationLandscapeRight";
				LD_RUNPATH_SEARCH_PATHS = (
					"$(inherited)",
					"@executable_path/Frameworks",
				);
				MARKETING_VERSION = 1.0;
				PRODUCT_BUNDLE_IDENTIFIER = LetsFlogging.SixTech;
				PRODUCT_NAME = "$(TARGET_NAME)";
				SWIFT_EMIT_LOC_STRINGS = YES;
				SWIFT_VERSION = 5.0;
				TARGETED_DEVICE_FAMILY = "1,2";
			};
			name = Debug;
		};
		0E94FACC2A5A83B0002A39FB /* Release */ = {
			isa = XCBuildConfiguration;
			buildSettings = {
				ALWAYS_EMBED_SWIFT_STANDARD_LIBRARIES = YES;
				ASSETCATALOG_COMPILER_APPICON_NAME = AppIcon;
				ASSETCATALOG_COMPILER_GLOBAL_ACCENT_COLOR_NAME = AccentColor;
				CODE_SIGN_STYLE = Automatic;
				CURRENT_PROJECT_VERSION = 1;
				DEVELOPMENT_ASSET_PATHS = "\"SixTech/Preview Content\"";
				DEVELOPMENT_TEAM = GSD6RCY68C;
				ENABLE_PREVIEWS = YES;
				GENERATE_INFOPLIST_FILE = YES;
				INFOPLIST_FILE = SixTech/Info.plist;
				INFOPLIST_KEY_UIApplicationSceneManifest_Generation = YES;
				INFOPLIST_KEY_UIApplicationSupportsIndirectInputEvents = YES;
				INFOPLIST_KEY_UISupportedInterfaceOrientations_iPad = "UIInterfaceOrientationPortrait UIInterfaceOrientationPortraitUpsideDown UIInterfaceOrientationLandscapeLeft UIInterfaceOrientationLandscapeRight";
				INFOPLIST_KEY_UISupportedInterfaceOrientations_iPhone = "UIInterfaceOrientationPortrait UIInterfaceOrientationLandscapeLeft UIInterfaceOrientationLandscapeRight";
				LD_RUNPATH_SEARCH_PATHS = (
					"$(inherited)",
					"@executable_path/Frameworks",
				);
				MARKETING_VERSION = 1.0;
				PRODUCT_BUNDLE_IDENTIFIER = LetsFlogging.SixTech;
				PRODUCT_NAME = "$(TARGET_NAME)";
				SWIFT_EMIT_LOC_STRINGS = YES;
				SWIFT_VERSION = 5.0;
				TARGETED_DEVICE_FAMILY = "1,2";
			};
			name = Release;
		};
		0EB41E062A705940002929D9 /* Debug */ = {
			isa = XCBuildConfiguration;
			buildSettings = {
				ASSETCATALOG_COMPILER_APPICON_NAME = AppIcon;
				ASSETCATALOG_COMPILER_GLOBAL_ACCENT_COLOR_NAME = AccentColor;
				CODE_SIGN_STYLE = Automatic;
				CURRENT_PROJECT_VERSION = 1;
				DEVELOPMENT_ASSET_PATHS = "\"LetPlogWatch Watch App/Preview Content\"";
				DEVELOPMENT_TEAM = GSD6RCY68C;
				ENABLE_PREVIEWS = YES;
				GENERATE_INFOPLIST_FILE = YES;
				INFOPLIST_KEY_CFBundleDisplayName = LetPlogWatch;
				INFOPLIST_KEY_UISupportedInterfaceOrientations = "UIInterfaceOrientationPortrait UIInterfaceOrientationPortraitUpsideDown";
				INFOPLIST_KEY_WKCompanionAppBundleIdentifier = LetsFlogging.SixTech;
				LD_RUNPATH_SEARCH_PATHS = (
					"$(inherited)",
					"@executable_path/Frameworks",
				);
				MARKETING_VERSION = 1.0;
				PRODUCT_BUNDLE_IDENTIFIER = LetsFlogging.SixTech.watchkitapp;
				PRODUCT_NAME = "$(TARGET_NAME)";
				SDKROOT = watchos;
				SKIP_INSTALL = YES;
				SWIFT_EMIT_LOC_STRINGS = YES;
				SWIFT_VERSION = 5.0;
				TARGETED_DEVICE_FAMILY = 4;
				WATCHOS_DEPLOYMENT_TARGET = 9.4;
			};
			name = Debug;
		};
		0EB41E072A705940002929D9 /* Release */ = {
			isa = XCBuildConfiguration;
			buildSettings = {
				ASSETCATALOG_COMPILER_APPICON_NAME = AppIcon;
				ASSETCATALOG_COMPILER_GLOBAL_ACCENT_COLOR_NAME = AccentColor;
				CODE_SIGN_STYLE = Automatic;
				CURRENT_PROJECT_VERSION = 1;
				DEVELOPMENT_ASSET_PATHS = "\"LetPlogWatch Watch App/Preview Content\"";
				DEVELOPMENT_TEAM = GSD6RCY68C;
				ENABLE_PREVIEWS = YES;
				GENERATE_INFOPLIST_FILE = YES;
				INFOPLIST_KEY_CFBundleDisplayName = LetPlogWatch;
				INFOPLIST_KEY_UISupportedInterfaceOrientations = "UIInterfaceOrientationPortrait UIInterfaceOrientationPortraitUpsideDown";
				INFOPLIST_KEY_WKCompanionAppBundleIdentifier = LetsFlogging.SixTech;
				LD_RUNPATH_SEARCH_PATHS = (
					"$(inherited)",
					"@executable_path/Frameworks",
				);
				MARKETING_VERSION = 1.0;
				PRODUCT_BUNDLE_IDENTIFIER = LetsFlogging.SixTech.watchkitapp;
				PRODUCT_NAME = "$(TARGET_NAME)";
				SDKROOT = watchos;
				SKIP_INSTALL = YES;
				SWIFT_EMIT_LOC_STRINGS = YES;
				SWIFT_VERSION = 5.0;
				TARGETED_DEVICE_FAMILY = 4;
				WATCHOS_DEPLOYMENT_TARGET = 9.4;
			};
			name = Release;
		};
/* End XCBuildConfiguration section */

/* Begin XCConfigurationList section */
		0E94FAB72A5A83AE002A39FB /* Build configuration list for PBXProject "SixTech" */ = {
			isa = XCConfigurationList;
			buildConfigurations = (
				0E94FAC82A5A83B0002A39FB /* Debug */,
				0E94FAC92A5A83B0002A39FB /* Release */,
			);
			defaultConfigurationIsVisible = 0;
			defaultConfigurationName = Release;
		};
		0E94FACA2A5A83B0002A39FB /* Build configuration list for PBXNativeTarget "SixTech" */ = {
			isa = XCConfigurationList;
			buildConfigurations = (
				0E94FACB2A5A83B0002A39FB /* Debug */,
				0E94FACC2A5A83B0002A39FB /* Release */,
			);
			defaultConfigurationIsVisible = 0;
			defaultConfigurationName = Release;
		};
		0EB41E082A705940002929D9 /* Build configuration list for PBXNativeTarget "LetPlogWatch Watch App" */ = {
			isa = XCConfigurationList;
			buildConfigurations = (
				0EB41E062A705940002929D9 /* Debug */,
				0EB41E072A705940002929D9 /* Release */,
			);
			defaultConfigurationIsVisible = 0;
			defaultConfigurationName = Release;
		};
/* End XCConfigurationList section */

/* Begin XCRemoteSwiftPackageReference section */
		0BE598162A5FF23B00D019EA /* XCRemoteSwiftPackageReference "swiftui-gif" */ = {
			isa = XCRemoteSwiftPackageReference;
			repositoryURL = "https://github.com/globulus/swiftui-gif.git";
			requirement = {
				kind = upToNextMajorVersion;
				minimumVersion = 1.0.0;
			};
		};
/* End XCRemoteSwiftPackageReference section */

/* Begin XCSwiftPackageProductDependency section */
		0BE598172A5FF23B00D019EA /* SwiftUIGIF */ = {
			isa = XCSwiftPackageProductDependency;
			package = 0BE598162A5FF23B00D019EA /* XCRemoteSwiftPackageReference "swiftui-gif" */;
			productName = SwiftUIGIF;
		};
/* End XCSwiftPackageProductDependency section */

/* Begin XCVersionGroup section */
		709C76202A725CFE00C16313 /* history.xcdatamodeld */ = {
			isa = XCVersionGroup;
			children = (
				709C76212A725CFE00C16313 /* history.xcdatamodel */,
			);
			currentVersion = 709C76212A725CFE00C16313 /* history.xcdatamodel */;
			path = history.xcdatamodeld;
			sourceTree = "<group>";
			versionGroupType = wrapper.xcdatamodel;
		};
		709C76542A725EB200C16313 /* User.xcdatamodeld */ = {
			isa = XCVersionGroup;
			children = (
				709C76552A725EB200C16313 /* User.xcdatamodel */,
			);
			currentVersion = 709C76552A725EB200C16313 /* User.xcdatamodel */;
			path = User.xcdatamodeld;
			sourceTree = "<group>";
			versionGroupType = wrapper.xcdatamodel;
		};
/* End XCVersionGroup section */
	};
	rootObject = 0E94FAB42A5A83AE002A39FB /* Project object */;
}
